// !$*UTF8*$!
{
	archiveVersion = 1;
	classes = {
	};
	objectVersion = 46;
	objects = {

/* Begin PBXBuildFile section */
		2C3280711C501B040062FAA2 /* .gitignore in Resources */ = {isa = PBXBuildFile; fileRef = 2C32803F1C501B040062FAA2 /* .gitignore */; };
		2C3280721C501B040062FAA2 /* .gitmodules in Resources */ = {isa = PBXBuildFile; fileRef = 2C3280401C501B040062FAA2 /* .gitmodules */; };
		2C3280731C501B040062FAA2 /* NXOAuth2Client.md in Sources */ = {isa = PBXBuildFile; fileRef = 2C3280421C501B040062FAA2 /* NXOAuth2Client.md */; };
		2C3280741C501B040062FAA2 /* NXOAuth2Client.podspec in Resources */ = {isa = PBXBuildFile; fileRef = 2C3280431C501B040062FAA2 /* NXOAuth2Client.podspec */; };
		2C3280751C501B040062FAA2 /* OAuth2Client.framework-Info.plist in Resources */ = {isa = PBXBuildFile; fileRef = 2C3280441C501B040062FAA2 /* OAuth2Client.framework-Info.plist */; };
		2C3280761C501B040062FAA2 /* OAuth2Client.xcworkspace in Resources */ = {isa = PBXBuildFile; fileRef = 2C3280481C501B040062FAA2 /* OAuth2Client.xcworkspace */; };
		2C3280771C501B040062FAA2 /* Podfile in Resources */ = {isa = PBXBuildFile; fileRef = 2C3280491C501B040062FAA2 /* Podfile */; };
		2C3280781C501B040062FAA2 /* Podfile.lock in Resources */ = {isa = PBXBuildFile; fileRef = 2C32804A1C501B040062FAA2 /* Podfile.lock */; };
		2C3280791C501B040062FAA2 /* README.md in Sources */ = {isa = PBXBuildFile; fileRef = 2C32804B1C501B040062FAA2 /* README.md */; };
		2C32807A1C501B040062FAA2 /* NSData+NXOAuth2.m in Sources */ = {isa = PBXBuildFile; fileRef = 2C32804E1C501B040062FAA2 /* NSData+NXOAuth2.m */; };
		2C32807B1C501B040062FAA2 /* NSString+NXOAuth2.m in Sources */ = {isa = PBXBuildFile; fileRef = 2C3280501C501B040062FAA2 /* NSString+NXOAuth2.m */; };
		2C32807C1C501B040062FAA2 /* NSURL+NXOAuth2.m in Sources */ = {isa = PBXBuildFile; fileRef = 2C3280521C501B040062FAA2 /* NSURL+NXOAuth2.m */; };
		2C32807D1C501B040062FAA2 /* NXOAuth2AccessToken.m in Sources */ = {isa = PBXBuildFile; fileRef = 2C3280561C501B040062FAA2 /* NXOAuth2AccessToken.m */; };
		2C32807E1C501B040062FAA2 /* NXOAuth2Account.m in Sources */ = {isa = PBXBuildFile; fileRef = 2C3280581C501B040062FAA2 /* NXOAuth2Account.m */; };
		2C32807F1C501B040062FAA2 /* NXOAuth2AccountStore.m in Sources */ = {isa = PBXBuildFile; fileRef = 2C32805A1C501B040062FAA2 /* NXOAuth2AccountStore.m */; };
		2C3280801C501B040062FAA2 /* NXOAuth2Client.m in Sources */ = {isa = PBXBuildFile; fileRef = 2C32805C1C501B040062FAA2 /* NXOAuth2Client.m */; };
		2C3280811C501B040062FAA2 /* NXOAuth2Connection.m in Sources */ = {isa = PBXBuildFile; fileRef = 2C32805F1C501B040062FAA2 /* NXOAuth2Connection.m */; };
		2C3280821C501B040062FAA2 /* NXOAuth2Constants.m in Sources */ = {isa = PBXBuildFile; fileRef = 2C3280621C501B040062FAA2 /* NXOAuth2Constants.m */; };
		2C3280831C501B040062FAA2 /* NXOAuth2FileStreamWrapper.m in Sources */ = {isa = PBXBuildFile; fileRef = 2C3280641C501B040062FAA2 /* NXOAuth2FileStreamWrapper.m */; };
		2C3280841C501B040062FAA2 /* NXOAuth2PostBodyPart.m in Sources */ = {isa = PBXBuildFile; fileRef = 2C3280661C501B040062FAA2 /* NXOAuth2PostBodyPart.m */; };
		2C3280851C501B040062FAA2 /* NXOAuth2PostBodyStream.m in Sources */ = {isa = PBXBuildFile; fileRef = 2C3280681C501B040062FAA2 /* NXOAuth2PostBodyStream.m */; };
		2C3280861C501B040062FAA2 /* NXOAuth2Request.m in Sources */ = {isa = PBXBuildFile; fileRef = 2C32806A1C501B040062FAA2 /* NXOAuth2Request.m */; };
		2C3280871C501B040062FAA2 /* Info.plist in Resources */ = {isa = PBXBuildFile; fileRef = 2C32806E1C501B040062FAA2 /* Info.plist */; };
		2C3280881C501B040062FAA2 /* NXOAuth2PostBodyStreamSpec.m in Sources */ = {isa = PBXBuildFile; fileRef = 2C32806F1C501B040062FAA2 /* NXOAuth2PostBodyStreamSpec.m */; };
		2C32809A1C501B700062FAA2 /* HomeViewController.m in Sources */ = {isa = PBXBuildFile; fileRef = 2C3280981C501B700062FAA2 /* HomeViewController.m */; };
		2C32809B1C501B700062FAA2 /* HomeViewController.xib in Resources */ = {isa = PBXBuildFile; fileRef = 2C3280991C501B700062FAA2 /* HomeViewController.xib */; };
		2C42EB2E1C4F8A95000EF687 /* main.m in Sources */ = {isa = PBXBuildFile; fileRef = 2C42EB2D1C4F8A95000EF687 /* main.m */; };
		2C42EB311C4F8A95000EF687 /* AppDelegate.m in Sources */ = {isa = PBXBuildFile; fileRef = 2C42EB301C4F8A95000EF687 /* AppDelegate.m */; };
		2C42EB391C4F8A95000EF687 /* Images.xcassets in Resources */ = {isa = PBXBuildFile; fileRef = 2C42EB381C4F8A95000EF687 /* Images.xcassets */; };
		2C42EB3C1C4F8A95000EF687 /* LaunchScreen.xib in Resources */ = {isa = PBXBuildFile; fileRef = 2C42EB3A1C4F8A95000EF687 /* LaunchScreen.xib */; };
		2C42EB481C4F8A95000EF687 /* XmazonTests.m in Sources */ = {isa = PBXBuildFile; fileRef = 2C42EB471C4F8A95000EF687 /* XmazonTests.m */; };
/* End PBXBuildFile section */

/* Begin PBXContainerItemProxy section */
		2C32808C1C501B050062FAA2 /* PBXContainerItemProxy */ = {
			isa = PBXContainerItemProxy;
			containerPortal = 2C3280451C501B040062FAA2 /* OAuth2Client.xcodeproj */;
			proxyType = 2;
			remoteGlobalIDString = 942FFCD612315E0A00E6C65E;
			remoteInfo = OAuth2Client.framework;
		};
		2C32808E1C501B050062FAA2 /* PBXContainerItemProxy */ = {
			isa = PBXContainerItemProxy;
			containerPortal = 2C3280451C501B040062FAA2 /* OAuth2Client.xcodeproj */;
			proxyType = 2;
			remoteGlobalIDString = D2AAC07E0554694100DB518D;
			remoteInfo = OAuth2Client;
		};
		2C3280901C501B050062FAA2 /* PBXContainerItemProxy */ = {
			isa = PBXContainerItemProxy;
			containerPortal = 2C3280451C501B040062FAA2 /* OAuth2Client.xcodeproj */;
			proxyType = 2;
			remoteGlobalIDString = 94B6CE6619C1D0A200AA859B;
			remoteInfo = OAuth2ClientTests;
		};
		2C42EB421C4F8A95000EF687 /* PBXContainerItemProxy */ = {
			isa = PBXContainerItemProxy;
			containerPortal = 2C42EB201C4F8A95000EF687 /* Project object */;
			proxyType = 1;
			remoteGlobalIDString = 2C42EB271C4F8A95000EF687;
			remoteInfo = Xmazon;
		};
/* End PBXContainerItemProxy section */

/* Begin PBXFileReference section */
		2C32803F1C501B040062FAA2 /* .gitignore */ = {isa = PBXFileReference; fileEncoding = 4; lastKnownFileType = text; path = .gitignore; sourceTree = "<group>"; };
		2C3280401C501B040062FAA2 /* .gitmodules */ = {isa = PBXFileReference; fileEncoding = 4; lastKnownFileType = text; path = .gitmodules; sourceTree = "<group>"; };
		2C3280411C501B040062FAA2 /* NXOAuth2Account+Private.h */ = {isa = PBXFileReference; fileEncoding = 4; lastKnownFileType = sourcecode.c.h; path = "NXOAuth2Account+Private.h"; sourceTree = "<group>"; };
		2C3280421C501B040062FAA2 /* NXOAuth2Client.md */ = {isa = PBXFileReference; fileEncoding = 4; lastKnownFileType = net.daringfireball.markdown; path = NXOAuth2Client.md; sourceTree = "<group>"; };
		2C3280431C501B040062FAA2 /* NXOAuth2Client.podspec */ = {isa = PBXFileReference; fileEncoding = 4; lastKnownFileType = text; path = NXOAuth2Client.podspec; sourceTree = "<group>"; };
		2C3280441C501B040062FAA2 /* OAuth2Client.framework-Info.plist */ = {isa = PBXFileReference; fileEncoding = 4; lastKnownFileType = text.plist.xml; path = "OAuth2Client.framework-Info.plist"; sourceTree = "<group>"; };
		2C3280451C501B040062FAA2 /* OAuth2Client.xcodeproj */ = {isa = PBXFileReference; lastKnownFileType = "wrapper.pb-project"; path = OAuth2Client.xcodeproj; sourceTree = "<group>"; };
		2C3280481C501B040062FAA2 /* OAuth2Client.xcworkspace */ = {isa = PBXFileReference; lastKnownFileType = wrapper.workspace; path = OAuth2Client.xcworkspace; sourceTree = "<group>"; };
		2C3280491C501B040062FAA2 /* Podfile */ = {isa = PBXFileReference; fileEncoding = 4; lastKnownFileType = text; path = Podfile; sourceTree = "<group>"; };
		2C32804A1C501B040062FAA2 /* Podfile.lock */ = {isa = PBXFileReference; fileEncoding = 4; lastKnownFileType = text; path = Podfile.lock; sourceTree = "<group>"; };
		2C32804B1C501B040062FAA2 /* README.md */ = {isa = PBXFileReference; fileEncoding = 4; lastKnownFileType = net.daringfireball.markdown; path = README.md; sourceTree = "<group>"; };
		2C32804D1C501B040062FAA2 /* NSData+NXOAuth2.h */ = {isa = PBXFileReference; fileEncoding = 4; lastKnownFileType = sourcecode.c.h; path = "NSData+NXOAuth2.h"; sourceTree = "<group>"; };
		2C32804E1C501B040062FAA2 /* NSData+NXOAuth2.m */ = {isa = PBXFileReference; fileEncoding = 4; lastKnownFileType = sourcecode.c.objc; path = "NSData+NXOAuth2.m"; sourceTree = "<group>"; };
		2C32804F1C501B040062FAA2 /* NSString+NXOAuth2.h */ = {isa = PBXFileReference; fileEncoding = 4; lastKnownFileType = sourcecode.c.h; path = "NSString+NXOAuth2.h"; sourceTree = "<group>"; };
		2C3280501C501B040062FAA2 /* NSString+NXOAuth2.m */ = {isa = PBXFileReference; fileEncoding = 4; lastKnownFileType = sourcecode.c.objc; path = "NSString+NXOAuth2.m"; sourceTree = "<group>"; };
		2C3280511C501B040062FAA2 /* NSURL+NXOAuth2.h */ = {isa = PBXFileReference; fileEncoding = 4; lastKnownFileType = sourcecode.c.h; path = "NSURL+NXOAuth2.h"; sourceTree = "<group>"; };
		2C3280521C501B040062FAA2 /* NSURL+NXOAuth2.m */ = {isa = PBXFileReference; fileEncoding = 4; lastKnownFileType = sourcecode.c.objc; path = "NSURL+NXOAuth2.m"; sourceTree = "<group>"; };
		2C3280541C501B040062FAA2 /* NXOAuth2.h */ = {isa = PBXFileReference; fileEncoding = 4; lastKnownFileType = sourcecode.c.h; path = NXOAuth2.h; sourceTree = "<group>"; };
		2C3280551C501B040062FAA2 /* NXOAuth2AccessToken.h */ = {isa = PBXFileReference; fileEncoding = 4; lastKnownFileType = sourcecode.c.h; path = NXOAuth2AccessToken.h; sourceTree = "<group>"; };
		2C3280561C501B040062FAA2 /* NXOAuth2AccessToken.m */ = {isa = PBXFileReference; fileEncoding = 4; lastKnownFileType = sourcecode.c.objc; path = NXOAuth2AccessToken.m; sourceTree = "<group>"; };
		2C3280571C501B040062FAA2 /* NXOAuth2Account.h */ = {isa = PBXFileReference; fileEncoding = 4; lastKnownFileType = sourcecode.c.h; path = NXOAuth2Account.h; sourceTree = "<group>"; };
		2C3280581C501B040062FAA2 /* NXOAuth2Account.m */ = {isa = PBXFileReference; fileEncoding = 4; lastKnownFileType = sourcecode.c.objc; path = NXOAuth2Account.m; sourceTree = "<group>"; };
		2C3280591C501B040062FAA2 /* NXOAuth2AccountStore.h */ = {isa = PBXFileReference; fileEncoding = 4; lastKnownFileType = sourcecode.c.h; path = NXOAuth2AccountStore.h; sourceTree = "<group>"; };
		2C32805A1C501B040062FAA2 /* NXOAuth2AccountStore.m */ = {isa = PBXFileReference; fileEncoding = 4; lastKnownFileType = sourcecode.c.objc; path = NXOAuth2AccountStore.m; sourceTree = "<group>"; };
		2C32805B1C501B040062FAA2 /* NXOAuth2Client.h */ = {isa = PBXFileReference; fileEncoding = 4; lastKnownFileType = sourcecode.c.h; path = NXOAuth2Client.h; sourceTree = "<group>"; };
		2C32805C1C501B040062FAA2 /* NXOAuth2Client.m */ = {isa = PBXFileReference; fileEncoding = 4; lastKnownFileType = sourcecode.c.objc; path = NXOAuth2Client.m; sourceTree = "<group>"; };
		2C32805D1C501B040062FAA2 /* NXOAuth2ClientDelegate.h */ = {isa = PBXFileReference; fileEncoding = 4; lastKnownFileType = sourcecode.c.h; path = NXOAuth2ClientDelegate.h; sourceTree = "<group>"; };
		2C32805E1C501B040062FAA2 /* NXOAuth2Connection.h */ = {isa = PBXFileReference; fileEncoding = 4; lastKnownFileType = sourcecode.c.h; path = NXOAuth2Connection.h; sourceTree = "<group>"; };
		2C32805F1C501B040062FAA2 /* NXOAuth2Connection.m */ = {isa = PBXFileReference; fileEncoding = 4; lastKnownFileType = sourcecode.c.objc; path = NXOAuth2Connection.m; sourceTree = "<group>"; };
		2C3280601C501B040062FAA2 /* NXOAuth2ConnectionDelegate.h */ = {isa = PBXFileReference; fileEncoding = 4; lastKnownFileType = sourcecode.c.h; path = NXOAuth2ConnectionDelegate.h; sourceTree = "<group>"; };
		2C3280611C501B040062FAA2 /* NXOAuth2Constants.h */ = {isa = PBXFileReference; fileEncoding = 4; lastKnownFileType = sourcecode.c.h; path = NXOAuth2Constants.h; sourceTree = "<group>"; };
		2C3280621C501B040062FAA2 /* NXOAuth2Constants.m */ = {isa = PBXFileReference; fileEncoding = 4; lastKnownFileType = sourcecode.c.objc; path = NXOAuth2Constants.m; sourceTree = "<group>"; };
		2C3280631C501B040062FAA2 /* NXOAuth2FileStreamWrapper.h */ = {isa = PBXFileReference; fileEncoding = 4; lastKnownFileType = sourcecode.c.h; path = NXOAuth2FileStreamWrapper.h; sourceTree = "<group>"; };
		2C3280641C501B040062FAA2 /* NXOAuth2FileStreamWrapper.m */ = {isa = PBXFileReference; fileEncoding = 4; lastKnownFileType = sourcecode.c.objc; path = NXOAuth2FileStreamWrapper.m; sourceTree = "<group>"; };
		2C3280651C501B040062FAA2 /* NXOAuth2PostBodyPart.h */ = {isa = PBXFileReference; fileEncoding = 4; lastKnownFileType = sourcecode.c.h; path = NXOAuth2PostBodyPart.h; sourceTree = "<group>"; };
		2C3280661C501B040062FAA2 /* NXOAuth2PostBodyPart.m */ = {isa = PBXFileReference; fileEncoding = 4; lastKnownFileType = sourcecode.c.objc; path = NXOAuth2PostBodyPart.m; sourceTree = "<group>"; };
		2C3280671C501B040062FAA2 /* NXOAuth2PostBodyStream.h */ = {isa = PBXFileReference; fileEncoding = 4; lastKnownFileType = sourcecode.c.h; path = NXOAuth2PostBodyStream.h; sourceTree = "<group>"; };
		2C3280681C501B040062FAA2 /* NXOAuth2PostBodyStream.m */ = {isa = PBXFileReference; fileEncoding = 4; lastKnownFileType = sourcecode.c.objc; path = NXOAuth2PostBodyStream.m; sourceTree = "<group>"; };
		2C3280691C501B040062FAA2 /* NXOAuth2Request.h */ = {isa = PBXFileReference; fileEncoding = 4; lastKnownFileType = sourcecode.c.h; path = NXOAuth2Request.h; sourceTree = "<group>"; };
		2C32806A1C501B040062FAA2 /* NXOAuth2Request.m */ = {isa = PBXFileReference; fileEncoding = 4; lastKnownFileType = sourcecode.c.objc; path = NXOAuth2Request.m; sourceTree = "<group>"; };
		2C32806B1C501B040062FAA2 /* NXOAuth2TrustDelegate.h */ = {isa = PBXFileReference; fileEncoding = 4; lastKnownFileType = sourcecode.c.h; path = NXOAuth2TrustDelegate.h; sourceTree = "<group>"; };
		2C32806C1C501B040062FAA2 /* OAuth2Client_Prefix.pch */ = {isa = PBXFileReference; fileEncoding = 4; lastKnownFileType = sourcecode.c.h; path = OAuth2Client_Prefix.pch; sourceTree = "<group>"; };
		2C32806E1C501B040062FAA2 /* Info.plist */ = {isa = PBXFileReference; fileEncoding = 4; lastKnownFileType = text.plist.xml; path = Info.plist; sourceTree = "<group>"; };
		2C32806F1C501B040062FAA2 /* NXOAuth2PostBodyStreamSpec.m */ = {isa = PBXFileReference; fileEncoding = 4; lastKnownFileType = sourcecode.c.objc; path = NXOAuth2PostBodyStreamSpec.m; sourceTree = "<group>"; };
		2C3280701C501B040062FAA2 /* OAuth2ClientTests.pch */ = {isa = PBXFileReference; fileEncoding = 4; lastKnownFileType = sourcecode.c.h; path = OAuth2ClientTests.pch; sourceTree = "<group>"; };
		2C3280971C501B700062FAA2 /* HomeViewController.h */ = {isa = PBXFileReference; fileEncoding = 4; lastKnownFileType = sourcecode.c.h; path = HomeViewController.h; sourceTree = "<group>"; };
		2C3280981C501B700062FAA2 /* HomeViewController.m */ = {isa = PBXFileReference; fileEncoding = 4; lastKnownFileType = sourcecode.c.objc; path = HomeViewController.m; sourceTree = "<group>"; };
		2C3280991C501B700062FAA2 /* HomeViewController.xib */ = {isa = PBXFileReference; fileEncoding = 4; lastKnownFileType = file.xib; path = HomeViewController.xib; sourceTree = "<group>"; };
		2C42EB281C4F8A95000EF687 /* Xmazon.app */ = {isa = PBXFileReference; explicitFileType = wrapper.application; includeInIndex = 0; path = Xmazon.app; sourceTree = BUILT_PRODUCTS_DIR; };
		2C42EB2C1C4F8A95000EF687 /* Info.plist */ = {isa = PBXFileReference; lastKnownFileType = text.plist.xml; path = Info.plist; sourceTree = "<group>"; };
		2C42EB2D1C4F8A95000EF687 /* main.m */ = {isa = PBXFileReference; lastKnownFileType = sourcecode.c.objc; path = main.m; sourceTree = "<group>"; };
		2C42EB2F1C4F8A95000EF687 /* AppDelegate.h */ = {isa = PBXFileReference; lastKnownFileType = sourcecode.c.h; path = AppDelegate.h; sourceTree = "<group>"; };
		2C42EB301C4F8A95000EF687 /* AppDelegate.m */ = {isa = PBXFileReference; lastKnownFileType = sourcecode.c.objc; path = AppDelegate.m; sourceTree = "<group>"; };
		2C42EB381C4F8A95000EF687 /* Images.xcassets */ = {isa = PBXFileReference; lastKnownFileType = folder.assetcatalog; path = Images.xcassets; sourceTree = "<group>"; };
		2C42EB3B1C4F8A95000EF687 /* Base */ = {isa = PBXFileReference; lastKnownFileType = file.xib; name = Base; path = Base.lproj/LaunchScreen.xib; sourceTree = "<group>"; };
		2C42EB411C4F8A95000EF687 /* XmazonTests.xctest */ = {isa = PBXFileReference; explicitFileType = wrapper.cfbundle; includeInIndex = 0; path = XmazonTests.xctest; sourceTree = BUILT_PRODUCTS_DIR; };
		2C42EB461C4F8A95000EF687 /* Info.plist */ = {isa = PBXFileReference; lastKnownFileType = text.plist.xml; path = Info.plist; sourceTree = "<group>"; };
		2C42EB471C4F8A95000EF687 /* XmazonTests.m */ = {isa = PBXFileReference; lastKnownFileType = sourcecode.c.objc; path = XmazonTests.m; sourceTree = "<group>"; };
/* End PBXFileReference section */

/* Begin PBXFrameworksBuildPhase section */
		2C42EB251C4F8A95000EF687 /* Frameworks */ = {
			isa = PBXFrameworksBuildPhase;
			buildActionMask = 2147483647;
			files = (
			);
			runOnlyForDeploymentPostprocessing = 0;
		};
		2C42EB3E1C4F8A95000EF687 /* Frameworks */ = {
			isa = PBXFrameworksBuildPhase;
			buildActionMask = 2147483647;
			files = (
			);
			runOnlyForDeploymentPostprocessing = 0;
		};
/* End PBXFrameworksBuildPhase section */

/* Begin PBXGroup section */
		2C32803E1C501B040062FAA2 /* OAuth2Client-develop */ = {
			isa = PBXGroup;
			children = (
				2C32803F1C501B040062FAA2 /* .gitignore */,
				2C3280401C501B040062FAA2 /* .gitmodules */,
				2C3280411C501B040062FAA2 /* NXOAuth2Account+Private.h */,
				2C3280421C501B040062FAA2 /* NXOAuth2Client.md */,
				2C3280431C501B040062FAA2 /* NXOAuth2Client.podspec */,
				2C3280441C501B040062FAA2 /* OAuth2Client.framework-Info.plist */,
				2C3280451C501B040062FAA2 /* OAuth2Client.xcodeproj */,
				2C3280481C501B040062FAA2 /* OAuth2Client.xcworkspace */,
				2C3280491C501B040062FAA2 /* Podfile */,
				2C32804A1C501B040062FAA2 /* Podfile.lock */,
				2C32804B1C501B040062FAA2 /* README.md */,
				2C32804C1C501B040062FAA2 /* Sources */,
				2C32806D1C501B040062FAA2 /* Tests */,
			);
			path = "OAuth2Client-develop";
			sourceTree = "<group>";
		};
		2C3280461C501B040062FAA2 /* Products */ = {
			isa = PBXGroup;
			children = (
				2C32808D1C501B050062FAA2 /* OAuth2Client.framework */,
				2C32808F1C501B050062FAA2 /* libOAuth2Client.a */,
				2C3280911C501B050062FAA2 /* OAuth2ClientTests.xctest */,
			);
			name = Products;
			sourceTree = "<group>";
		};
		2C32804C1C501B040062FAA2 /* Sources */ = {
			isa = PBXGroup;
			children = (
				2C32804D1C501B040062FAA2 /* NSData+NXOAuth2.h */,
				2C32804E1C501B040062FAA2 /* NSData+NXOAuth2.m */,
				2C32804F1C501B040062FAA2 /* NSString+NXOAuth2.h */,
				2C3280501C501B040062FAA2 /* NSString+NXOAuth2.m */,
				2C3280511C501B040062FAA2 /* NSURL+NXOAuth2.h */,
				2C3280521C501B040062FAA2 /* NSURL+NXOAuth2.m */,
				2C3280531C501B040062FAA2 /* OAuth2Client */,
				2C32806C1C501B040062FAA2 /* OAuth2Client_Prefix.pch */,
			);
			path = Sources;
			sourceTree = "<group>";
		};
		2C3280531C501B040062FAA2 /* OAuth2Client */ = {
			isa = PBXGroup;
			children = (
				2C3280541C501B040062FAA2 /* NXOAuth2.h */,
				2C3280551C501B040062FAA2 /* NXOAuth2AccessToken.h */,
				2C3280561C501B040062FAA2 /* NXOAuth2AccessToken.m */,
				2C3280571C501B040062FAA2 /* NXOAuth2Account.h */,
				2C3280581C501B040062FAA2 /* NXOAuth2Account.m */,
				2C3280591C501B040062FAA2 /* NXOAuth2AccountStore.h */,
				2C32805A1C501B040062FAA2 /* NXOAuth2AccountStore.m */,
				2C32805B1C501B040062FAA2 /* NXOAuth2Client.h */,
				2C32805C1C501B040062FAA2 /* NXOAuth2Client.m */,
				2C32805D1C501B040062FAA2 /* NXOAuth2ClientDelegate.h */,
				2C32805E1C501B040062FAA2 /* NXOAuth2Connection.h */,
				2C32805F1C501B040062FAA2 /* NXOAuth2Connection.m */,
				2C3280601C501B040062FAA2 /* NXOAuth2ConnectionDelegate.h */,
				2C3280611C501B040062FAA2 /* NXOAuth2Constants.h */,
				2C3280621C501B040062FAA2 /* NXOAuth2Constants.m */,
				2C3280631C501B040062FAA2 /* NXOAuth2FileStreamWrapper.h */,
				2C3280641C501B040062FAA2 /* NXOAuth2FileStreamWrapper.m */,
				2C3280651C501B040062FAA2 /* NXOAuth2PostBodyPart.h */,
				2C3280661C501B040062FAA2 /* NXOAuth2PostBodyPart.m */,
				2C3280671C501B040062FAA2 /* NXOAuth2PostBodyStream.h */,
				2C3280681C501B040062FAA2 /* NXOAuth2PostBodyStream.m */,
				2C3280691C501B040062FAA2 /* NXOAuth2Request.h */,
				2C32806A1C501B040062FAA2 /* NXOAuth2Request.m */,
				2C32806B1C501B040062FAA2 /* NXOAuth2TrustDelegate.h */,
			);
			path = OAuth2Client;
			sourceTree = "<group>";
		};
		2C32806D1C501B040062FAA2 /* Tests */ = {
			isa = PBXGroup;
			children = (
				2C32806E1C501B040062FAA2 /* Info.plist */,
				2C32806F1C501B040062FAA2 /* NXOAuth2PostBodyStreamSpec.m */,
				2C3280701C501B040062FAA2 /* OAuth2ClientTests.pch */,
			);
			path = Tests;
			sourceTree = "<group>";
		};
		2C42EB1F1C4F8A95000EF687 = {
			isa = PBXGroup;
			children = (
				2C32803E1C501B040062FAA2 /* OAuth2Client-develop */,
				2C42EB2A1C4F8A95000EF687 /* Xmazon */,
				2C42EB441C4F8A95000EF687 /* XmazonTests */,
				2C42EB291C4F8A95000EF687 /* Products */,
			);
			sourceTree = "<group>";
		};
		2C42EB291C4F8A95000EF687 /* Products */ = {
			isa = PBXGroup;
			children = (
				2C42EB281C4F8A95000EF687 /* Xmazon.app */,
				2C42EB411C4F8A95000EF687 /* XmazonTests.xctest */,
			);
			name = Products;
			sourceTree = "<group>";
		};
		2C42EB2A1C4F8A95000EF687 /* Xmazon */ = {
			isa = PBXGroup;
			children = (
				2C42EB2F1C4F8A95000EF687 /* AppDelegate.h */,
				2C3280971C501B700062FAA2 /* HomeViewController.h */,
				2C3280981C501B700062FAA2 /* HomeViewController.m */,
				2C3280991C501B700062FAA2 /* HomeViewController.xib */,
				2C42EB301C4F8A95000EF687 /* AppDelegate.m */,
				2C42EB381C4F8A95000EF687 /* Images.xcassets */,
				2C42EB3A1C4F8A95000EF687 /* LaunchScreen.xib */,
				2C42EB2B1C4F8A95000EF687 /* Supporting Files */,
			);
			path = Xmazon;
			sourceTree = "<group>";
		};
		2C42EB2B1C4F8A95000EF687 /* Supporting Files */ = {
			isa = PBXGroup;
			children = (
				2C42EB2C1C4F8A95000EF687 /* Info.plist */,
				2C42EB2D1C4F8A95000EF687 /* main.m */,
			);
			name = "Supporting Files";
			sourceTree = "<group>";
		};
		2C42EB441C4F8A95000EF687 /* XmazonTests */ = {
			isa = PBXGroup;
			children = (
				2C42EB471C4F8A95000EF687 /* XmazonTests.m */,
				2C42EB451C4F8A95000EF687 /* Supporting Files */,
			);
			path = XmazonTests;
			sourceTree = "<group>";
		};
		2C42EB451C4F8A95000EF687 /* Supporting Files */ = {
			isa = PBXGroup;
			children = (
				2C42EB461C4F8A95000EF687 /* Info.plist */,
			);
			name = "Supporting Files";
			sourceTree = "<group>";
		};
/* End PBXGroup section */

/* Begin PBXNativeTarget section */
		2C42EB271C4F8A95000EF687 /* Xmazon */ = {
			isa = PBXNativeTarget;
			buildConfigurationList = 2C42EB4B1C4F8A95000EF687 /* Build configuration list for PBXNativeTarget "Xmazon" */;
			buildPhases = (
				2C42EB241C4F8A95000EF687 /* Sources */,
				2C42EB251C4F8A95000EF687 /* Frameworks */,
				2C42EB261C4F8A95000EF687 /* Resources */,
			);
			buildRules = (
			);
			dependencies = (
			);
			name = Xmazon;
			productName = Xmazon;
			productReference = 2C42EB281C4F8A95000EF687 /* Xmazon.app */;
			productType = "com.apple.product-type.application";
		};
		2C42EB401C4F8A95000EF687 /* XmazonTests */ = {
			isa = PBXNativeTarget;
			buildConfigurationList = 2C42EB4E1C4F8A95000EF687 /* Build configuration list for PBXNativeTarget "XmazonTests" */;
			buildPhases = (
				2C42EB3D1C4F8A95000EF687 /* Sources */,
				2C42EB3E1C4F8A95000EF687 /* Frameworks */,
				2C42EB3F1C4F8A95000EF687 /* Resources */,
			);
			buildRules = (
			);
			dependencies = (
				2C42EB431C4F8A95000EF687 /* PBXTargetDependency */,
			);
			name = XmazonTests;
			productName = XmazonTests;
			productReference = 2C42EB411C4F8A95000EF687 /* XmazonTests.xctest */;
			productType = "com.apple.product-type.bundle.unit-test";
		};
/* End PBXNativeTarget section */

/* Begin PBXProject section */
		2C42EB201C4F8A95000EF687 /* Project object */ = {
			isa = PBXProject;
			attributes = {
				LastUpgradeCheck = 0640;
				ORGANIZATIONNAME = com.esgi;
				TargetAttributes = {
					2C42EB271C4F8A95000EF687 = {
						CreatedOnToolsVersion = 6.4;
					};
					2C42EB401C4F8A95000EF687 = {
						CreatedOnToolsVersion = 6.4;
						TestTargetID = 2C42EB271C4F8A95000EF687;
					};
				};
			};
			buildConfigurationList = 2C42EB231C4F8A95000EF687 /* Build configuration list for PBXProject "Xmazon" */;
			compatibilityVersion = "Xcode 3.2";
			developmentRegion = English;
			hasScannedForEncodings = 0;
			knownRegions = (
				en,
				Base,
			);
			mainGroup = 2C42EB1F1C4F8A95000EF687;
			productRefGroup = 2C42EB291C4F8A95000EF687 /* Products */;
			projectDirPath = "";
			projectReferences = (
				{
					ProductGroup = 2C3280461C501B040062FAA2 /* Products */;
					ProjectRef = 2C3280451C501B040062FAA2 /* OAuth2Client.xcodeproj */;
				},
			);
			projectRoot = "";
			targets = (
				2C42EB271C4F8A95000EF687 /* Xmazon */,
				2C42EB401C4F8A95000EF687 /* XmazonTests */,
			);
		};
/* End PBXProject section */

/* Begin PBXReferenceProxy section */
		2C32808D1C501B050062FAA2 /* OAuth2Client.framework */ = {
			isa = PBXReferenceProxy;
			fileType = wrapper.framework;
			path = OAuth2Client.framework;
			remoteRef = 2C32808C1C501B050062FAA2 /* PBXContainerItemProxy */;
			sourceTree = BUILT_PRODUCTS_DIR;
		};
		2C32808F1C501B050062FAA2 /* libOAuth2Client.a */ = {
			isa = PBXReferenceProxy;
			fileType = archive.ar;
			path = libOAuth2Client.a;
			remoteRef = 2C32808E1C501B050062FAA2 /* PBXContainerItemProxy */;
			sourceTree = BUILT_PRODUCTS_DIR;
		};
		2C3280911C501B050062FAA2 /* OAuth2ClientTests.xctest */ = {
			isa = PBXReferenceProxy;
			fileType = wrapper.cfbundle;
			path = OAuth2ClientTests.xctest;
			remoteRef = 2C3280901C501B050062FAA2 /* PBXContainerItemProxy */;
			sourceTree = BUILT_PRODUCTS_DIR;
		};
/* End PBXReferenceProxy section */

/* Begin PBXResourcesBuildPhase section */
		2C42EB261C4F8A95000EF687 /* Resources */ = {
			isa = PBXResourcesBuildPhase;
			buildActionMask = 2147483647;
			files = (
				2C3280711C501B040062FAA2 /* .gitignore in Resources */,
				2C3280751C501B040062FAA2 /* OAuth2Client.framework-Info.plist in Resources */,
				2C3280781C501B040062FAA2 /* Podfile.lock in Resources */,
				2C3280761C501B040062FAA2 /* OAuth2Client.xcworkspace in Resources */,
				2C3280741C501B040062FAA2 /* NXOAuth2Client.podspec in Resources */,
				2C3280721C501B040062FAA2 /* .gitmodules in Resources */,
				2C3280771C501B040062FAA2 /* Podfile in Resources */,
				2C3280871C501B040062FAA2 /* Info.plist in Resources */,
				2C42EB3C1C4F8A95000EF687 /* LaunchScreen.xib in Resources */,
				2C42EB391C4F8A95000EF687 /* Images.xcassets in Resources */,
				2C32809B1C501B700062FAA2 /* HomeViewController.xib in Resources */,
			);
			runOnlyForDeploymentPostprocessing = 0;
		};
		2C42EB3F1C4F8A95000EF687 /* Resources */ = {
			isa = PBXResourcesBuildPhase;
			buildActionMask = 2147483647;
			files = (
			);
			runOnlyForDeploymentPostprocessing = 0;
		};
/* End PBXResourcesBuildPhase section */

/* Begin PBXSourcesBuildPhase section */
		2C42EB241C4F8A95000EF687 /* Sources */ = {
			isa = PBXSourcesBuildPhase;
			buildActionMask = 2147483647;
			files = (
				2C32807E1C501B040062FAA2 /* NXOAuth2Account.m in Sources */,
				2C3280811C501B040062FAA2 /* NXOAuth2Connection.m in Sources */,
				2C3280861C501B040062FAA2 /* NXOAuth2Request.m in Sources */,
				2C3280731C501B040062FAA2 /* NXOAuth2Client.md in Sources */,
				2C3280881C501B040062FAA2 /* NXOAuth2PostBodyStreamSpec.m in Sources */,
				2C3280801C501B040062FAA2 /* NXOAuth2Client.m in Sources */,
				2C3280841C501B040062FAA2 /* NXOAuth2PostBodyPart.m in Sources */,
				2C3280791C501B040062FAA2 /* README.md in Sources */,
				2C32807F1C501B040062FAA2 /* NXOAuth2AccountStore.m in Sources */,
				2C3280851C501B040062FAA2 /* NXOAuth2PostBodyStream.m in Sources */,
				2C32807C1C501B040062FAA2 /* NSURL+NXOAuth2.m in Sources */,
				2C42EB311C4F8A95000EF687 /* AppDelegate.m in Sources */,
				2C42EB2E1C4F8A95000EF687 /* main.m in Sources */,
				2C32807B1C501B040062FAA2 /* NSString+NXOAuth2.m in Sources */,
				2C32807D1C501B040062FAA2 /* NXOAuth2AccessToken.m in Sources */,
				2C3280821C501B040062FAA2 /* NXOAuth2Constants.m in Sources */,
				2C32807A1C501B040062FAA2 /* NSData+NXOAuth2.m in Sources */,
				2C32809A1C501B700062FAA2 /* HomeViewController.m in Sources */,
				2C3280831C501B040062FAA2 /* NXOAuth2FileStreamWrapper.m in Sources */,
			);
			runOnlyForDeploymentPostprocessing = 0;
		};
		2C42EB3D1C4F8A95000EF687 /* Sources */ = {
			isa = PBXSourcesBuildPhase;
			buildActionMask = 2147483647;
			files = (
				2C42EB481C4F8A95000EF687 /* XmazonTests.m in Sources */,
			);
			runOnlyForDeploymentPostprocessing = 0;
		};
/* End PBXSourcesBuildPhase section */

/* Begin PBXTargetDependency section */
		2C42EB431C4F8A95000EF687 /* PBXTargetDependency */ = {
			isa = PBXTargetDependency;
			target = 2C42EB271C4F8A95000EF687 /* Xmazon */;
			targetProxy = 2C42EB421C4F8A95000EF687 /* PBXContainerItemProxy */;
		};
/* End PBXTargetDependency section */

/* Begin PBXVariantGroup section */
		2C42EB3A1C4F8A95000EF687 /* LaunchScreen.xib */ = {
			isa = PBXVariantGroup;
			children = (
				2C42EB3B1C4F8A95000EF687 /* Base */,
			);
			name = LaunchScreen.xib;
			sourceTree = "<group>";
		};
/* End PBXVariantGroup section */

/* Begin XCBuildConfiguration section */
		2C42EB491C4F8A95000EF687 /* Debug */ = {
			isa = XCBuildConfiguration;
			buildSettings = {
				ALWAYS_SEARCH_USER_PATHS = NO;
				CLANG_CXX_LANGUAGE_STANDARD = "gnu++0x";
				CLANG_CXX_LIBRARY = "libc++";
				CLANG_ENABLE_MODULES = YES;
				CLANG_ENABLE_OBJC_ARC = YES;
				CLANG_WARN_BOOL_CONVERSION = YES;
				CLANG_WARN_CONSTANT_CONVERSION = YES;
				CLANG_WARN_DIRECT_OBJC_ISA_USAGE = YES_ERROR;
				CLANG_WARN_EMPTY_BODY = YES;
				CLANG_WARN_ENUM_CONVERSION = YES;
				CLANG_WARN_INT_CONVERSION = YES;
				CLANG_WARN_OBJC_ROOT_CLASS = YES_ERROR;
				CLANG_WARN_UNREACHABLE_CODE = YES;
				CLANG_WARN__DUPLICATE_METHOD_MATCH = YES;
				"CODE_SIGN_IDENTITY[sdk=iphoneos*]" = "iPhone Developer";
				COPY_PHASE_STRIP = NO;
				DEBUG_INFORMATION_FORMAT = "dwarf-with-dsym";
				ENABLE_STRICT_OBJC_MSGSEND = YES;
				GCC_C_LANGUAGE_STANDARD = gnu99;
				GCC_DYNAMIC_NO_PIC = NO;
				GCC_NO_COMMON_BLOCKS = YES;
				GCC_OPTIMIZATION_LEVEL = 0;
				GCC_PREPROCESSOR_DEFINITIONS = (
					"DEBUG=1",
					"$(inherited)",
				);
				GCC_SYMBOLS_PRIVATE_EXTERN = NO;
				GCC_WARN_64_TO_32_BIT_CONVERSION = YES;
				GCC_WARN_ABOUT_RETURN_TYPE = YES_ERROR;
				GCC_WARN_UNDECLARED_SELECTOR = YES;
				GCC_WARN_UNINITIALIZED_AUTOS = YES_AGGRESSIVE;
				GCC_WARN_UNUSED_FUNCTION = YES;
				GCC_WARN_UNUSED_VARIABLE = YES;
				IPHONEOS_DEPLOYMENT_TARGET = 8.4;
				MTL_ENABLE_DEBUG_INFO = YES;
				ONLY_ACTIVE_ARCH = YES;
				SDKROOT = iphoneos;
			};
			name = Debug;
		};
		2C42EB4A1C4F8A95000EF687 /* Release */ = {
			isa = XCBuildConfiguration;
			buildSettings = {
				ALWAYS_SEARCH_USER_PATHS = NO;
				CLANG_CXX_LANGUAGE_STANDARD = "gnu++0x";
				CLANG_CXX_LIBRARY = "libc++";
				CLANG_ENABLE_MODULES = YES;
				CLANG_ENABLE_OBJC_ARC = YES;
				CLANG_WARN_BOOL_CONVERSION = YES;
				CLANG_WARN_CONSTANT_CONVERSION = YES;
				CLANG_WARN_DIRECT_OBJC_ISA_USAGE = YES_ERROR;
				CLANG_WARN_EMPTY_BODY = YES;
				CLANG_WARN_ENUM_CONVERSION = YES;
				CLANG_WARN_INT_CONVERSION = YES;
				CLANG_WARN_OBJC_ROOT_CLASS = YES_ERROR;
				CLANG_WARN_UNREACHABLE_CODE = YES;
				CLANG_WARN__DUPLICATE_METHOD_MATCH = YES;
				"CODE_SIGN_IDENTITY[sdk=iphoneos*]" = "iPhone Developer";
				COPY_PHASE_STRIP = NO;
				DEBUG_INFORMATION_FORMAT = "dwarf-with-dsym";
				ENABLE_NS_ASSERTIONS = NO;
				ENABLE_STRICT_OBJC_MSGSEND = YES;
				GCC_C_LANGUAGE_STANDARD = gnu99;
				GCC_NO_COMMON_BLOCKS = YES;
				GCC_WARN_64_TO_32_BIT_CONVERSION = YES;
				GCC_WARN_ABOUT_RETURN_TYPE = YES_ERROR;
				GCC_WARN_UNDECLARED_SELECTOR = YES;
				GCC_WARN_UNINITIALIZED_AUTOS = YES_AGGRESSIVE;
				GCC_WARN_UNUSED_FUNCTION = YES;
				GCC_WARN_UNUSED_VARIABLE = YES;
				IPHONEOS_DEPLOYMENT_TARGET = 8.4;
				MTL_ENABLE_DEBUG_INFO = NO;
				SDKROOT = iphoneos;
				VALIDATE_PRODUCT = YES;
			};
			name = Release;
		};
		2C42EB4C1C4F8A95000EF687 /* Debug */ = {
			isa = XCBuildConfiguration;
			buildSettings = {
				ASSETCATALOG_COMPILER_APPICON_NAME = AppIcon;
				INFOPLIST_FILE = Xmazon/Info.plist;
				LD_RUNPATH_SEARCH_PATHS = "$(inherited) @executable_path/Frameworks";
				PRODUCT_NAME = "$(TARGET_NAME)";
			};
			name = Debug;
		};
		2C42EB4D1C4F8A95000EF687 /* Release */ = {
			isa = XCBuildConfiguration;
			buildSettings = {
				ASSETCATALOG_COMPILER_APPICON_NAME = AppIcon;
				INFOPLIST_FILE = Xmazon/Info.plist;
				LD_RUNPATH_SEARCH_PATHS = "$(inherited) @executable_path/Frameworks";
				PRODUCT_NAME = "$(TARGET_NAME)";
			};
			name = Release;
		};
		2C42EB4F1C4F8A95000EF687 /* Debug */ = {
			isa = XCBuildConfiguration;
			buildSettings = {
				BUNDLE_LOADER = "$(TEST_HOST)";
				FRAMEWORK_SEARCH_PATHS = (
					"$(SDKROOT)/Developer/Library/Frameworks",
					"$(inherited)",
				);
				GCC_PREPROCESSOR_DEFINITIONS = (
					"DEBUG=1",
					"$(inherited)",
				);
				INFOPLIST_FILE = XmazonTests/Info.plist;
				LD_RUNPATH_SEARCH_PATHS = "$(inherited) @executable_path/Frameworks @loader_path/Frameworks";
				PRODUCT_NAME = "$(TARGET_NAME)";
				TEST_HOST = "$(BUILT_PRODUCTS_DIR)/Xmazon.app/Xmazon";
			};
			name = Debug;
		};
		2C42EB501C4F8A95000EF687 /* Release */ = {
			isa = XCBuildConfiguration;
			buildSettings = {
				BUNDLE_LOADER = "$(TEST_HOST)";
				FRAMEWORK_SEARCH_PATHS = (
					"$(SDKROOT)/Developer/Library/Frameworks",
					"$(inherited)",
				);
				INFOPLIST_FILE = XmazonTests/Info.plist;
				LD_RUNPATH_SEARCH_PATHS = "$(inherited) @executable_path/Frameworks @loader_path/Frameworks";
				PRODUCT_NAME = "$(TARGET_NAME)";
				TEST_HOST = "$(BUILT_PRODUCTS_DIR)/Xmazon.app/Xmazon";
			};
			name = Release;
		};
/* End XCBuildConfiguration section */

/* Begin XCConfigurationList section */
		2C42EB231C4F8A95000EF687 /* Build configuration list for PBXProject "Xmazon" */ = {
			isa = XCConfigurationList;
			buildConfigurations = (
				2C42EB491C4F8A95000EF687 /* Debug */,
				2C42EB4A1C4F8A95000EF687 /* Release */,
			);
			defaultConfigurationIsVisible = 0;
			defaultConfigurationName = Release;
		};
		2C42EB4B1C4F8A95000EF687 /* Build configuration list for PBXNativeTarget "Xmazon" */ = {
			isa = XCConfigurationList;
			buildConfigurations = (
				2C42EB4C1C4F8A95000EF687 /* Debug */,
				2C42EB4D1C4F8A95000EF687 /* Release */,
			);
			defaultConfigurationIsVisible = 0;
			defaultConfigurationName = Release;
		};
		2C42EB4E1C4F8A95000EF687 /* Build configuration list for PBXNativeTarget "XmazonTests" */ = {
			isa = XCConfigurationList;
			buildConfigurations = (
				2C42EB4F1C4F8A95000EF687 /* Debug */,
				2C42EB501C4F8A95000EF687 /* Release */,
			);
			defaultConfigurationIsVisible = 0;
			defaultConfigurationName = Release;
		};
/* End XCConfigurationList section */
	};
	rootObject = 2C42EB201C4F8A95000EF687 /* Project object */;
}
