// !$*UTF8*$!
{
	archiveVersion = 1;
	classes = {
	};
	objectVersion = 46;
	objects = {

/* Begin PBXBuildFile section */
		2C32809A1C501B700062FAA2 /* HomeViewController.m in Sources */ = {isa = PBXBuildFile; fileRef = 2C3280981C501B700062FAA2 /* HomeViewController.m */; };
		2C32809B1C501B700062FAA2 /* HomeViewController.xib in Resources */ = {isa = PBXBuildFile; fileRef = 2C3280991C501B700062FAA2 /* HomeViewController.xib */; };
		2C42EB2E1C4F8A95000EF687 /* main.m in Sources */ = {isa = PBXBuildFile; fileRef = 2C42EB2D1C4F8A95000EF687 /* main.m */; };
		2C42EB311C4F8A95000EF687 /* AppDelegate.m in Sources */ = {isa = PBXBuildFile; fileRef = 2C42EB301C4F8A95000EF687 /* AppDelegate.m */; };
		2C42EB391C4F8A95000EF687 /* Images.xcassets in Resources */ = {isa = PBXBuildFile; fileRef = 2C42EB381C4F8A95000EF687 /* Images.xcassets */; };
		2C42EB3C1C4F8A95000EF687 /* LaunchScreen.xib in Resources */ = {isa = PBXBuildFile; fileRef = 2C42EB3A1C4F8A95000EF687 /* LaunchScreen.xib */; };
		2C42EB481C4F8A95000EF687 /* XmazonTests.m in Sources */ = {isa = PBXBuildFile; fileRef = 2C42EB471C4F8A95000EF687 /* XmazonTests.m */; };
		2CB557D61C5F413100AC8FF5 /* Pods-Xmazon.debug.xcconfig in Resources */ = {isa = PBXBuildFile; fileRef = 2CB557D41C5F413100AC8FF5 /* Pods-Xmazon.debug.xcconfig */; };
		2CB557D71C5F413100AC8FF5 /* Pods-Xmazon.release.xcconfig in Resources */ = {isa = PBXBuildFile; fileRef = 2CB557D51C5F413100AC8FF5 /* Pods-Xmazon.release.xcconfig */; };
		2CB557E51C5F7D9600AC8FF5 /* LoginViewController.m in Sources */ = {isa = PBXBuildFile; fileRef = 2CB557E31C5F7D9600AC8FF5 /* LoginViewController.m */; };
		2CB557E61C5F7D9600AC8FF5 /* LoginViewController.xib in Resources */ = {isa = PBXBuildFile; fileRef = 2CB557E41C5F7D9600AC8FF5 /* LoginViewController.xib */; };
		2CC6AA2C1C61E02C009425BC /* PasswordNotFoundViewController.m in Sources */ = {isa = PBXBuildFile; fileRef = 2CC6AA2A1C61E02C009425BC /* PasswordNotFoundViewController.m */; };
		2CC6AA2D1C61E02C009425BC /* PasswordNotFoundViewController.xib in Resources */ = {isa = PBXBuildFile; fileRef = 2CC6AA2B1C61E02C009425BC /* PasswordNotFoundViewController.xib */; };
		6200AAC87B4CF51517915A57 /* libPods-Xmazon.a in Frameworks */ = {isa = PBXBuildFile; fileRef = 72C71F204038C01E3F4EC934 /* libPods-Xmazon.a */; };
/* End PBXBuildFile section */

/* Begin PBXContainerItemProxy section */
		2C42EB421C4F8A95000EF687 /* PBXContainerItemProxy */ = {
			isa = PBXContainerItemProxy;
			containerPortal = 2C42EB201C4F8A95000EF687 /* Project object */;
			proxyType = 1;
			remoteGlobalIDString = 2C42EB271C4F8A95000EF687;
			remoteInfo = Xmazon;
		};
		2CB557DA1C5F413100AC8FF5 /* PBXContainerItemProxy */ = {
			isa = PBXContainerItemProxy;
			containerPortal = 2CB557CF1C5F413100AC8FF5 /* Pods.xcodeproj */;
			proxyType = 2;
			remoteGlobalIDString = 405BE7343F78DA89FA00FE32F05D4936;
			remoteInfo = AFNetworking;
		};
		2CB557DC1C5F413100AC8FF5 /* PBXContainerItemProxy */ = {
			isa = PBXContainerItemProxy;
			containerPortal = 2CB557CF1C5F413100AC8FF5 /* Pods.xcodeproj */;
			proxyType = 2;
			remoteGlobalIDString = FA7DC86189A5C1DE6274490A9C57142A;
			remoteInfo = "Pods-Xmazon";
		};
/* End PBXContainerItemProxy section */

/* Begin PBXFileReference section */
		18B8AF32D57ECA60196CDAC9 /* Pods-Xmazon.debug.xcconfig */ = {isa = PBXFileReference; includeInIndex = 1; lastKnownFileType = text.xcconfig; name = "Pods-Xmazon.debug.xcconfig"; path = "Pods/Target Support Files/Pods-Xmazon/Pods-Xmazon.debug.xcconfig"; sourceTree = "<group>"; };
		2C3280971C501B700062FAA2 /* HomeViewController.h */ = {isa = PBXFileReference; fileEncoding = 4; lastKnownFileType = sourcecode.c.h; path = HomeViewController.h; sourceTree = "<group>"; };
		2C3280981C501B700062FAA2 /* HomeViewController.m */ = {isa = PBXFileReference; fileEncoding = 4; lastKnownFileType = sourcecode.c.objc; path = HomeViewController.m; sourceTree = "<group>"; };
		2C3280991C501B700062FAA2 /* HomeViewController.xib */ = {isa = PBXFileReference; fileEncoding = 4; lastKnownFileType = file.xib; path = HomeViewController.xib; sourceTree = "<group>"; };
		2C42EB281C4F8A95000EF687 /* Xmazon.app */ = {isa = PBXFileReference; explicitFileType = wrapper.application; includeInIndex = 0; path = Xmazon.app; sourceTree = BUILT_PRODUCTS_DIR; };
		2C42EB2C1C4F8A95000EF687 /* Info.plist */ = {isa = PBXFileReference; lastKnownFileType = text.plist.xml; path = Info.plist; sourceTree = "<group>"; };
		2C42EB2D1C4F8A95000EF687 /* main.m */ = {isa = PBXFileReference; lastKnownFileType = sourcecode.c.objc; path = main.m; sourceTree = "<group>"; };
		2C42EB2F1C4F8A95000EF687 /* AppDelegate.h */ = {isa = PBXFileReference; lastKnownFileType = sourcecode.c.h; path = AppDelegate.h; sourceTree = "<group>"; };
		2C42EB301C4F8A95000EF687 /* AppDelegate.m */ = {isa = PBXFileReference; lastKnownFileType = sourcecode.c.objc; path = AppDelegate.m; sourceTree = "<group>"; };
		2C42EB381C4F8A95000EF687 /* Images.xcassets */ = {isa = PBXFileReference; lastKnownFileType = folder.assetcatalog; path = Images.xcassets; sourceTree = "<group>"; };
		2C42EB3B1C4F8A95000EF687 /* Base */ = {isa = PBXFileReference; lastKnownFileType = file.xib; name = Base; path = Base.lproj/LaunchScreen.xib; sourceTree = "<group>"; };
		2C42EB411C4F8A95000EF687 /* XmazonTests.xctest */ = {isa = PBXFileReference; explicitFileType = wrapper.cfbundle; includeInIndex = 0; path = XmazonTests.xctest; sourceTree = BUILT_PRODUCTS_DIR; };
		2C42EB461C4F8A95000EF687 /* Info.plist */ = {isa = PBXFileReference; lastKnownFileType = text.plist.xml; path = Info.plist; sourceTree = "<group>"; };
		2C42EB471C4F8A95000EF687 /* XmazonTests.m */ = {isa = PBXFileReference; lastKnownFileType = sourcecode.c.objc; path = XmazonTests.m; sourceTree = "<group>"; };
		2CB557CF1C5F413100AC8FF5 /* Pods.xcodeproj */ = {isa = PBXFileReference; lastKnownFileType = "wrapper.pb-project"; path = Pods.xcodeproj; sourceTree = "<group>"; };
		2CB557D41C5F413100AC8FF5 /* Pods-Xmazon.debug.xcconfig */ = {isa = PBXFileReference; fileEncoding = 4; lastKnownFileType = text.xcconfig; path = "Pods-Xmazon.debug.xcconfig"; sourceTree = "<group>"; };
		2CB557D51C5F413100AC8FF5 /* Pods-Xmazon.release.xcconfig */ = {isa = PBXFileReference; fileEncoding = 4; lastKnownFileType = text.xcconfig; path = "Pods-Xmazon.release.xcconfig"; sourceTree = "<group>"; };
		2CB557E21C5F7D9600AC8FF5 /* LoginViewController.h */ = {isa = PBXFileReference; fileEncoding = 4; lastKnownFileType = sourcecode.c.h; path = LoginViewController.h; sourceTree = "<group>"; };
		2CB557E31C5F7D9600AC8FF5 /* LoginViewController.m */ = {isa = PBXFileReference; fileEncoding = 4; lastKnownFileType = sourcecode.c.objc; path = LoginViewController.m; sourceTree = "<group>"; };
		2CB557E41C5F7D9600AC8FF5 /* LoginViewController.xib */ = {isa = PBXFileReference; fileEncoding = 4; lastKnownFileType = file.xib; path = LoginViewController.xib; sourceTree = "<group>"; };
		2CC6AA291C61E02C009425BC /* PasswordNotFoundViewController.h */ = {isa = PBXFileReference; fileEncoding = 4; lastKnownFileType = sourcecode.c.h; path = PasswordNotFoundViewController.h; sourceTree = "<group>"; };
		2CC6AA2A1C61E02C009425BC /* PasswordNotFoundViewController.m */ = {isa = PBXFileReference; fileEncoding = 4; lastKnownFileType = sourcecode.c.objc; path = PasswordNotFoundViewController.m; sourceTree = "<group>"; };
		2CC6AA2B1C61E02C009425BC /* PasswordNotFoundViewController.xib */ = {isa = PBXFileReference; fileEncoding = 4; lastKnownFileType = file.xib; path = PasswordNotFoundViewController.xib; sourceTree = "<group>"; };
		44F8937CF89A2824EC1D7DE4 /* Pods-Xmazon.release.xcconfig */ = {isa = PBXFileReference; includeInIndex = 1; lastKnownFileType = text.xcconfig; name = "Pods-Xmazon.release.xcconfig"; path = "Pods/Target Support Files/Pods-Xmazon/Pods-Xmazon.release.xcconfig"; sourceTree = "<group>"; };
		72C71F204038C01E3F4EC934 /* libPods-Xmazon.a */ = {isa = PBXFileReference; explicitFileType = archive.ar; includeInIndex = 0; path = "libPods-Xmazon.a"; sourceTree = BUILT_PRODUCTS_DIR; };
/* End PBXFileReference section */

/* Begin PBXFrameworksBuildPhase section */
		2C42EB251C4F8A95000EF687 /* Frameworks */ = {
			isa = PBXFrameworksBuildPhase;
			buildActionMask = 2147483647;
			files = (
				6200AAC87B4CF51517915A57 /* libPods-Xmazon.a in Frameworks */,
			);
			runOnlyForDeploymentPostprocessing = 0;
		};
		2C42EB3E1C4F8A95000EF687 /* Frameworks */ = {
			isa = PBXFrameworksBuildPhase;
			buildActionMask = 2147483647;
			files = (
			);
			runOnlyForDeploymentPostprocessing = 0;
		};
/* End PBXFrameworksBuildPhase section */

/* Begin PBXGroup section */
		2C42EB1F1C4F8A95000EF687 = {
			isa = PBXGroup;
			children = (
				2C42EB2A1C4F8A95000EF687 /* Xmazon */,
				2C42EB441C4F8A95000EF687 /* XmazonTests */,
				2C42EB291C4F8A95000EF687 /* Products */,
				B45E27A88F5D72407F40A9D8 /* Pods */,
				F5B1740648E9995F7D9B40EF /* Frameworks */,
			);
			sourceTree = "<group>";
		};
		2C42EB291C4F8A95000EF687 /* Products */ = {
			isa = PBXGroup;
			children = (
				2C42EB281C4F8A95000EF687 /* Xmazon.app */,
				2C42EB411C4F8A95000EF687 /* XmazonTests.xctest */,
			);
			name = Products;
			sourceTree = "<group>";
		};
		2C42EB2A1C4F8A95000EF687 /* Xmazon */ = {
			isa = PBXGroup;
			children = (
				2C42EB2F1C4F8A95000EF687 /* AppDelegate.h */,
				2CB557E21C5F7D9600AC8FF5 /* LoginViewController.h */,
				2CB557E31C5F7D9600AC8FF5 /* LoginViewController.m */,
				2CB557E41C5F7D9600AC8FF5 /* LoginViewController.xib */,
				2CC6AA291C61E02C009425BC /* PasswordNotFoundViewController.h */,
				2CC6AA2A1C61E02C009425BC /* PasswordNotFoundViewController.m */,
				2CC6AA2B1C61E02C009425BC /* PasswordNotFoundViewController.xib */,
				2C42EB301C4F8A95000EF687 /* AppDelegate.m */,
				2C3280971C501B700062FAA2 /* HomeViewController.h */,
				2C3280981C501B700062FAA2 /* HomeViewController.m */,
				2CB557CD1C5F413100AC8FF5 /* Pods */,
				2C3280991C501B700062FAA2 /* HomeViewController.xib */,
				2C42EB381C4F8A95000EF687 /* Images.xcassets */,
				2C42EB3A1C4F8A95000EF687 /* LaunchScreen.xib */,
				2C42EB2B1C4F8A95000EF687 /* Supporting Files */,
			);
			path = Xmazon;
			sourceTree = "<group>";
		};
		2C42EB2B1C4F8A95000EF687 /* Supporting Files */ = {
			isa = PBXGroup;
			children = (
				2C42EB2C1C4F8A95000EF687 /* Info.plist */,
				2C42EB2D1C4F8A95000EF687 /* main.m */,
			);
			name = "Supporting Files";
			sourceTree = "<group>";
		};
		2C42EB441C4F8A95000EF687 /* XmazonTests */ = {
			isa = PBXGroup;
			children = (
				2C42EB471C4F8A95000EF687 /* XmazonTests.m */,
				2C42EB451C4F8A95000EF687 /* Supporting Files */,
			);
			path = XmazonTests;
			sourceTree = "<group>";
		};
		2C42EB451C4F8A95000EF687 /* Supporting Files */ = {
			isa = PBXGroup;
			children = (
				2C42EB461C4F8A95000EF687 /* Info.plist */,
			);
			name = "Supporting Files";
			sourceTree = "<group>";
		};
		2CB557CD1C5F413100AC8FF5 /* Pods */ = {
			isa = PBXGroup;
			children = (
				2CB557CE1C5F413100AC8FF5 /* Local Podspecs */,
				2CB557CF1C5F413100AC8FF5 /* Pods.xcodeproj */,
				2CB557D21C5F413100AC8FF5 /* Target Support Files */,
			);
			path = Pods;
			sourceTree = "<group>";
		};
		2CB557CE1C5F413100AC8FF5 /* Local Podspecs */ = {
			isa = PBXGroup;
			children = (
			);
			path = "Local Podspecs";
			sourceTree = "<group>";
		};
		2CB557D01C5F413100AC8FF5 /* Products */ = {
			isa = PBXGroup;
			children = (
				2CB557DB1C5F413100AC8FF5 /* libAFNetworking.a */,
				2CB557DD1C5F413100AC8FF5 /* libPods-Xmazon.a */,
			);
			name = Products;
			sourceTree = "<group>";
		};
		2CB557D21C5F413100AC8FF5 /* Target Support Files */ = {
			isa = PBXGroup;
			children = (
				2CB557D31C5F413100AC8FF5 /* Pods-Xmazon */,
			);
			path = "Target Support Files";
			sourceTree = "<group>";
		};
		2CB557D31C5F413100AC8FF5 /* Pods-Xmazon */ = {
			isa = PBXGroup;
			children = (
				2CB557D41C5F413100AC8FF5 /* Pods-Xmazon.debug.xcconfig */,
				2CB557D51C5F413100AC8FF5 /* Pods-Xmazon.release.xcconfig */,
			);
			path = "Pods-Xmazon";
			sourceTree = "<group>";
		};
		B45E27A88F5D72407F40A9D8 /* Pods */ = {
			isa = PBXGroup;
			children = (
				18B8AF32D57ECA60196CDAC9 /* Pods-Xmazon.debug.xcconfig */,
				44F8937CF89A2824EC1D7DE4 /* Pods-Xmazon.release.xcconfig */,
			);
			name = Pods;
			sourceTree = "<group>";
		};
		F5B1740648E9995F7D9B40EF /* Frameworks */ = {
			isa = PBXGroup;
			children = (
				72C71F204038C01E3F4EC934 /* libPods-Xmazon.a */,
			);
			name = Frameworks;
			sourceTree = "<group>";
		};
/* End PBXGroup section */

/* Begin PBXNativeTarget section */
		2C42EB271C4F8A95000EF687 /* Xmazon */ = {
			isa = PBXNativeTarget;
			buildConfigurationList = 2C42EB4B1C4F8A95000EF687 /* Build configuration list for PBXNativeTarget "Xmazon" */;
			buildPhases = (
				A0AE2214C1366E519A451533 /* Check Pods Manifest.lock */,
				2C42EB241C4F8A95000EF687 /* Sources */,
				2C42EB251C4F8A95000EF687 /* Frameworks */,
				2C42EB261C4F8A95000EF687 /* Resources */,
				7AD8B587FB0736BCF6759E23 /* Embed Pods Frameworks */,
				8FB70D049E95B0541963894C /* Copy Pods Resources */,
			);
			buildRules = (
			);
			dependencies = (
			);
			name = Xmazon;
			productName = Xmazon;
			productReference = 2C42EB281C4F8A95000EF687 /* Xmazon.app */;
			productType = "com.apple.product-type.application";
		};
		2C42EB401C4F8A95000EF687 /* XmazonTests */ = {
			isa = PBXNativeTarget;
			buildConfigurationList = 2C42EB4E1C4F8A95000EF687 /* Build configuration list for PBXNativeTarget "XmazonTests" */;
			buildPhases = (
				2C42EB3D1C4F8A95000EF687 /* Sources */,
				2C42EB3E1C4F8A95000EF687 /* Frameworks */,
				2C42EB3F1C4F8A95000EF687 /* Resources */,
			);
			buildRules = (
			);
			dependencies = (
				2C42EB431C4F8A95000EF687 /* PBXTargetDependency */,
			);
			name = XmazonTests;
			productName = XmazonTests;
			productReference = 2C42EB411C4F8A95000EF687 /* XmazonTests.xctest */;
			productType = "com.apple.product-type.bundle.unit-test";
		};
/* End PBXNativeTarget section */

/* Begin PBXProject section */
		2C42EB201C4F8A95000EF687 /* Project object */ = {
			isa = PBXProject;
			attributes = {
				LastUpgradeCheck = 0640;
				ORGANIZATIONNAME = com.esgi;
				TargetAttributes = {
					2C42EB271C4F8A95000EF687 = {
						CreatedOnToolsVersion = 6.4;
					};
					2C42EB401C4F8A95000EF687 = {
						CreatedOnToolsVersion = 6.4;
						TestTargetID = 2C42EB271C4F8A95000EF687;
					};
				};
			};
			buildConfigurationList = 2C42EB231C4F8A95000EF687 /* Build configuration list for PBXProject "Xmazon" */;
			compatibilityVersion = "Xcode 3.2";
			developmentRegion = English;
			hasScannedForEncodings = 0;
			knownRegions = (
				en,
				Base,
			);
			mainGroup = 2C42EB1F1C4F8A95000EF687;
			productRefGroup = 2C42EB291C4F8A95000EF687 /* Products */;
			projectDirPath = "";
			projectReferences = (
				{
					ProductGroup = 2CB557D01C5F413100AC8FF5 /* Products */;
					ProjectRef = 2CB557CF1C5F413100AC8FF5 /* Pods.xcodeproj */;
				},
			);
			projectRoot = "";
			targets = (
				2C42EB271C4F8A95000EF687 /* Xmazon */,
				2C42EB401C4F8A95000EF687 /* XmazonTests */,
			);
		};
/* End PBXProject section */

/* Begin PBXReferenceProxy section */
		2CB557DB1C5F413100AC8FF5 /* libAFNetworking.a */ = {
			isa = PBXReferenceProxy;
			fileType = archive.ar;
			path = libAFNetworking.a;
			remoteRef = 2CB557DA1C5F413100AC8FF5 /* PBXContainerItemProxy */;
			sourceTree = BUILT_PRODUCTS_DIR;
		};
		2CB557DD1C5F413100AC8FF5 /* libPods-Xmazon.a */ = {
			isa = PBXReferenceProxy;
			fileType = archive.ar;
			path = "libPods-Xmazon.a";
			remoteRef = 2CB557DC1C5F413100AC8FF5 /* PBXContainerItemProxy */;
			sourceTree = BUILT_PRODUCTS_DIR;
		};
/* End PBXReferenceProxy section */

/* Begin PBXResourcesBuildPhase section */
		2C42EB261C4F8A95000EF687 /* Resources */ = {
			isa = PBXResourcesBuildPhase;
			buildActionMask = 2147483647;
			files = (
				2C42EB3C1C4F8A95000EF687 /* LaunchScreen.xib in Resources */,
				2CC6AA2D1C61E02C009425BC /* PasswordNotFoundViewController.xib in Resources */,
				2C42EB391C4F8A95000EF687 /* Images.xcassets in Resources */,
				2CB557E61C5F7D9600AC8FF5 /* LoginViewController.xib in Resources */,
				2CB557D61C5F413100AC8FF5 /* Pods-Xmazon.debug.xcconfig in Resources */,
				2CB557D71C5F413100AC8FF5 /* Pods-Xmazon.release.xcconfig in Resources */,
				2C32809B1C501B700062FAA2 /* HomeViewController.xib in Resources */,
			);
			runOnlyForDeploymentPostprocessing = 0;
		};
		2C42EB3F1C4F8A95000EF687 /* Resources */ = {
			isa = PBXResourcesBuildPhase;
			buildActionMask = 2147483647;
			files = (
			);
			runOnlyForDeploymentPostprocessing = 0;
		};
/* End PBXResourcesBuildPhase section */

/* Begin PBXShellScriptBuildPhase section */
		7AD8B587FB0736BCF6759E23 /* Embed Pods Frameworks */ = {
			isa = PBXShellScriptBuildPhase;
			buildActionMask = 2147483647;
			files = (
			);
			inputPaths = (
			);
			name = "Embed Pods Frameworks";
			outputPaths = (
			);
			runOnlyForDeploymentPostprocessing = 0;
			shellPath = /bin/sh;
			shellScript = "\"${SRCROOT}/Pods/Target Support Files/Pods-Xmazon/Pods-Xmazon-frameworks.sh\"\n";
			showEnvVarsInLog = 0;
		};
		8FB70D049E95B0541963894C /* Copy Pods Resources */ = {
			isa = PBXShellScriptBuildPhase;
			buildActionMask = 2147483647;
			files = (
			);
			inputPaths = (
			);
			name = "Copy Pods Resources";
			outputPaths = (
			);
			runOnlyForDeploymentPostprocessing = 0;
			shellPath = /bin/sh;
			shellScript = "\"${SRCROOT}/Pods/Target Support Files/Pods-Xmazon/Pods-Xmazon-resources.sh\"\n";
			showEnvVarsInLog = 0;
		};
		A0AE2214C1366E519A451533 /* Check Pods Manifest.lock */ = {
			isa = PBXShellScriptBuildPhase;
			buildActionMask = 2147483647;
			files = (
			);
			inputPaths = (
			);
			name = "Check Pods Manifest.lock";
			outputPaths = (
			);
			runOnlyForDeploymentPostprocessing = 0;
			shellPath = /bin/sh;
			shellScript = "diff \"${PODS_ROOT}/../Podfile.lock\" \"${PODS_ROOT}/Manifest.lock\" > /dev/null\nif [[ $? != 0 ]] ; then\n    cat << EOM\nerror: The sandbox is not in sync with the Podfile.lock. Run 'pod install' or update your CocoaPods installation.\nEOM\n    exit 1\nfi\n";
			showEnvVarsInLog = 0;
		};
/* End PBXShellScriptBuildPhase section */

/* Begin PBXSourcesBuildPhase section */
		2C42EB241C4F8A95000EF687 /* Sources */ = {
			isa = PBXSourcesBuildPhase;
			buildActionMask = 2147483647;
			files = (
				2CB557E51C5F7D9600AC8FF5 /* LoginViewController.m in Sources */,
				2C42EB311C4F8A95000EF687 /* AppDelegate.m in Sources */,
				2C42EB2E1C4F8A95000EF687 /* main.m in Sources */,
				2C32809A1C501B700062FAA2 /* HomeViewController.m in Sources */,
				2CC6AA2C1C61E02C009425BC /* PasswordNotFoundViewController.m in Sources */,
			);
			runOnlyForDeploymentPostprocessing = 0;
		};
		2C42EB3D1C4F8A95000EF687 /* Sources */ = {
			isa = PBXSourcesBuildPhase;
			buildActionMask = 2147483647;
			files = (
				2C42EB481C4F8A95000EF687 /* XmazonTests.m in Sources */,
			);
			runOnlyForDeploymentPostprocessing = 0;
		};
/* End PBXSourcesBuildPhase section */

/* Begin PBXTargetDependency section */
		2C42EB431C4F8A95000EF687 /* PBXTargetDependency */ = {
			isa = PBXTargetDependency;
			target = 2C42EB271C4F8A95000EF687 /* Xmazon */;
			targetProxy = 2C42EB421C4F8A95000EF687 /* PBXContainerItemProxy */;
		};
/* End PBXTargetDependency section */

/* Begin PBXVariantGroup section */
		2C42EB3A1C4F8A95000EF687 /* LaunchScreen.xib */ = {
			isa = PBXVariantGroup;
			children = (
				2C42EB3B1C4F8A95000EF687 /* Base */,
			);
			name = LaunchScreen.xib;
			sourceTree = "<group>";
		};
/* End PBXVariantGroup section */

/* Begin XCBuildConfiguration section */
		2C42EB491C4F8A95000EF687 /* Debug */ = {
			isa = XCBuildConfiguration;
			buildSettings = {
				ALWAYS_SEARCH_USER_PATHS = NO;
				CLANG_CXX_LANGUAGE_STANDARD = "gnu++0x";
				CLANG_CXX_LIBRARY = "libc++";
				CLANG_ENABLE_MODULES = YES;
				CLANG_ENABLE_OBJC_ARC = YES;
				CLANG_WARN_BOOL_CONVERSION = YES;
				CLANG_WARN_CONSTANT_CONVERSION = YES;
				CLANG_WARN_DIRECT_OBJC_ISA_USAGE = YES_ERROR;
				CLANG_WARN_EMPTY_BODY = YES;
				CLANG_WARN_ENUM_CONVERSION = YES;
				CLANG_WARN_INT_CONVERSION = YES;
				CLANG_WARN_OBJC_ROOT_CLASS = YES_ERROR;
				CLANG_WARN_UNREACHABLE_CODE = YES;
				CLANG_WARN__DUPLICATE_METHOD_MATCH = YES;
				"CODE_SIGN_IDENTITY[sdk=iphoneos*]" = "iPhone Developer";
				COPY_PHASE_STRIP = NO;
				DEBUG_INFORMATION_FORMAT = "dwarf-with-dsym";
				ENABLE_STRICT_OBJC_MSGSEND = YES;
				GCC_C_LANGUAGE_STANDARD = gnu99;
				GCC_DYNAMIC_NO_PIC = NO;
				GCC_NO_COMMON_BLOCKS = YES;
				GCC_OPTIMIZATION_LEVEL = 0;
				GCC_PREPROCESSOR_DEFINITIONS = (
					"DEBUG=1",
					"$(inherited)",
				);
				GCC_SYMBOLS_PRIVATE_EXTERN = NO;
				GCC_WARN_64_TO_32_BIT_CONVERSION = YES;
				GCC_WARN_ABOUT_RETURN_TYPE = YES_ERROR;
				GCC_WARN_UNDECLARED_SELECTOR = YES;
				GCC_WARN_UNINITIALIZED_AUTOS = YES_AGGRESSIVE;
				GCC_WARN_UNUSED_FUNCTION = YES;
				GCC_WARN_UNUSED_VARIABLE = YES;
				IPHONEOS_DEPLOYMENT_TARGET = 8.4;
				MTL_ENABLE_DEBUG_INFO = YES;
				ONLY_ACTIVE_ARCH = YES;
				SDKROOT = iphoneos;
			};
			name = Debug;
		};
		2C42EB4A1C4F8A95000EF687 /* Release */ = {
			isa = XCBuildConfiguration;
			buildSettings = {
				ALWAYS_SEARCH_USER_PATHS = NO;
				CLANG_CXX_LANGUAGE_STANDARD = "gnu++0x";
				CLANG_CXX_LIBRARY = "libc++";
				CLANG_ENABLE_MODULES = YES;
				CLANG_ENABLE_OBJC_ARC = YES;
				CLANG_WARN_BOOL_CONVERSION = YES;
				CLANG_WARN_CONSTANT_CONVERSION = YES;
				CLANG_WARN_DIRECT_OBJC_ISA_USAGE = YES_ERROR;
				CLANG_WARN_EMPTY_BODY = YES;
				CLANG_WARN_ENUM_CONVERSION = YES;
				CLANG_WARN_INT_CONVERSION = YES;
				CLANG_WARN_OBJC_ROOT_CLASS = YES_ERROR;
				CLANG_WARN_UNREACHABLE_CODE = YES;
				CLANG_WARN__DUPLICATE_METHOD_MATCH = YES;
				"CODE_SIGN_IDENTITY[sdk=iphoneos*]" = "iPhone Developer";
				COPY_PHASE_STRIP = NO;
				DEBUG_INFORMATION_FORMAT = "dwarf-with-dsym";
				ENABLE_NS_ASSERTIONS = NO;
				ENABLE_STRICT_OBJC_MSGSEND = YES;
				GCC_C_LANGUAGE_STANDARD = gnu99;
				GCC_NO_COMMON_BLOCKS = YES;
				GCC_WARN_64_TO_32_BIT_CONVERSION = YES;
				GCC_WARN_ABOUT_RETURN_TYPE = YES_ERROR;
				GCC_WARN_UNDECLARED_SELECTOR = YES;
				GCC_WARN_UNINITIALIZED_AUTOS = YES_AGGRESSIVE;
				GCC_WARN_UNUSED_FUNCTION = YES;
				GCC_WARN_UNUSED_VARIABLE = YES;
				IPHONEOS_DEPLOYMENT_TARGET = 8.4;
				MTL_ENABLE_DEBUG_INFO = NO;
				SDKROOT = iphoneos;
				VALIDATE_PRODUCT = YES;
			};
			name = Release;
		};
		2C42EB4C1C4F8A95000EF687 /* Debug */ = {
			isa = XCBuildConfiguration;
			baseConfigurationReference = 18B8AF32D57ECA60196CDAC9 /* Pods-Xmazon.debug.xcconfig */;
			buildSettings = {
				ASSETCATALOG_COMPILER_APPICON_NAME = AppIcon;
				INFOPLIST_FILE = Xmazon/Info.plist;
				LD_RUNPATH_SEARCH_PATHS = "$(inherited) @executable_path/Frameworks";
				PRODUCT_NAME = "$(TARGET_NAME)";
			};
			name = Debug;
		};
		2C42EB4D1C4F8A95000EF687 /* Release */ = {
			isa = XCBuildConfiguration;
			baseConfigurationReference = 44F8937CF89A2824EC1D7DE4 /* Pods-Xmazon.release.xcconfig */;
			buildSettings = {
				ASSETCATALOG_COMPILER_APPICON_NAME = AppIcon;
				INFOPLIST_FILE = Xmazon/Info.plist;
				LD_RUNPATH_SEARCH_PATHS = "$(inherited) @executable_path/Frameworks";
				PRODUCT_NAME = "$(TARGET_NAME)";
			};
			name = Release;
		};
		2C42EB4F1C4F8A95000EF687 /* Debug */ = {
			isa = XCBuildConfiguration;
			buildSettings = {
				BUNDLE_LOADER = "$(TEST_HOST)";
				FRAMEWORK_SEARCH_PATHS = (
					"$(SDKROOT)/Developer/Library/Frameworks",
					"$(inherited)",
				);
				GCC_PREPROCESSOR_DEFINITIONS = (
					"DEBUG=1",
					"$(inherited)",
				);
				INFOPLIST_FILE = XmazonTests/Info.plist;
				LD_RUNPATH_SEARCH_PATHS = "$(inherited) @executable_path/Frameworks @loader_path/Frameworks";
				PRODUCT_NAME = "$(TARGET_NAME)";
				TEST_HOST = "$(BUILT_PRODUCTS_DIR)/Xmazon.app/Xmazon";
			};
			name = Debug;
		};
		2C42EB501C4F8A95000EF687 /* Release */ = {
			isa = XCBuildConfiguration;
			buildSettings = {
				BUNDLE_LOADER = "$(TEST_HOST)";
				FRAMEWORK_SEARCH_PATHS = (
					"$(SDKROOT)/Developer/Library/Frameworks",
					"$(inherited)",
				);
				INFOPLIST_FILE = XmazonTests/Info.plist;
				LD_RUNPATH_SEARCH_PATHS = "$(inherited) @executable_path/Frameworks @loader_path/Frameworks";
				PRODUCT_NAME = "$(TARGET_NAME)";
				TEST_HOST = "$(BUILT_PRODUCTS_DIR)/Xmazon.app/Xmazon";
			};
			name = Release;
		};
/* End XCBuildConfiguration section */

/* Begin XCConfigurationList section */
		2C42EB231C4F8A95000EF687 /* Build configuration list for PBXProject "Xmazon" */ = {
			isa = XCConfigurationList;
			buildConfigurations = (
				2C42EB491C4F8A95000EF687 /* Debug */,
				2C42EB4A1C4F8A95000EF687 /* Release */,
			);
			defaultConfigurationIsVisible = 0;
			defaultConfigurationName = Release;
		};
		2C42EB4B1C4F8A95000EF687 /* Build configuration list for PBXNativeTarget "Xmazon" */ = {
			isa = XCConfigurationList;
			buildConfigurations = (
				2C42EB4C1C4F8A95000EF687 /* Debug */,
				2C42EB4D1C4F8A95000EF687 /* Release */,
			);
			defaultConfigurationIsVisible = 0;
			defaultConfigurationName = Release;
		};
		2C42EB4E1C4F8A95000EF687 /* Build configuration list for PBXNativeTarget "XmazonTests" */ = {
			isa = XCConfigurationList;
			buildConfigurations = (
				2C42EB4F1C4F8A95000EF687 /* Debug */,
				2C42EB501C4F8A95000EF687 /* Release */,
			);
			defaultConfigurationIsVisible = 0;
			defaultConfigurationName = Release;
		};
/* End XCConfigurationList section */
	};
	rootObject = 2C42EB201C4F8A95000EF687 /* Project object */;
}
