// !$*UTF8*$!
{
	archiveVersion = 1;
	classes = {
	};
	objectVersion = 46;
	objects = {

/* Begin PBXBuildFile section */
		0347CCDA1C81F6FA00A3D8A0 /* XMApiService.m in Sources */ = {isa = PBXBuildFile; fileRef = 0347CCD91C81F6FA00A3D8A0 /* XMApiService.m */; };
		0347CCDD1C8211AF00A3D8A0 /* XMSessionDataSingleton.m in Sources */ = {isa = PBXBuildFile; fileRef = 0347CCDC1C8211AF00A3D8A0 /* XMSessionDataSingleton.m */; };
		0347CCE11C82172200A3D8A0 /* XMUser.m in Sources */ = {isa = PBXBuildFile; fileRef = 0347CCE01C82172200A3D8A0 /* XMUser.m */; };
		0347CCE91C826C1600A3D8A0 /* XMStore.m in Sources */ = {isa = PBXBuildFile; fileRef = 0347CCE81C826C1600A3D8A0 /* XMStore.m */; };
		0347CCEC1C8272ED00A3D8A0 /* XMCategory.m in Sources */ = {isa = PBXBuildFile; fileRef = 0347CCEB1C8272ED00A3D8A0 /* XMCategory.m */; };
		0347CCF21C82772900A3D8A0 /* XMProduct.m in Sources */ = {isa = PBXBuildFile; fileRef = 0347CCF11C82772900A3D8A0 /* XMProduct.m */; };
		1C064F861C81A5430077C417 /* Images in Resources */ = {isa = PBXBuildFile; fileRef = 1C064F851C81A5430077C417 /* Images */; };
		2C1408BD1C83613F00698FF2 /* ProfileViewController.m in Sources */ = {isa = PBXBuildFile; fileRef = 2C1408BB1C83613F00698FF2 /* ProfileViewController.m */; };
		2C1408BE1C83613F00698FF2 /* ProfileViewController.xib in Resources */ = {isa = PBXBuildFile; fileRef = 2C1408BC1C83613F00698FF2 /* ProfileViewController.xib */; };
		2C1408CB1C83A00D00698FF2 /* CartViewController.m in Sources */ = {isa = PBXBuildFile; fileRef = 2C1408C91C83A00D00698FF2 /* CartViewController.m */; };
		2C1408CC1C83A00D00698FF2 /* CartViewController.xib in Resources */ = {isa = PBXBuildFile; fileRef = 2C1408CA1C83A00D00698FF2 /* CartViewController.xib */; };
		2C1408D31C83A39100698FF2 /* OrderHistoryViewController.m in Sources */ = {isa = PBXBuildFile; fileRef = 2C1408D11C83A39100698FF2 /* OrderHistoryViewController.m */; };
		2C1408D41C83A39100698FF2 /* OrderHistoryViewController.xib in Resources */ = {isa = PBXBuildFile; fileRef = 2C1408D21C83A39100698FF2 /* OrderHistoryViewController.xib */; };
		2C1BBB881C6C7C3000D89B1A /* CategoryViewController.m in Sources */ = {isa = PBXBuildFile; fileRef = 2C1BBB861C6C7C3000D89B1A /* CategoryViewController.m */; };
		2C1BBB891C6C7C3000D89B1A /* CategoryViewController.xib in Resources */ = {isa = PBXBuildFile; fileRef = 2C1BBB871C6C7C3000D89B1A /* CategoryViewController.xib */; };
		2C2535941C7F475F00A9131E /* RearViewController.m in Sources */ = {isa = PBXBuildFile; fileRef = 2C2535921C7F475F00A9131E /* RearViewController.m */; };
		2C2535951C7F475F00A9131E /* RearViewController.xib in Resources */ = {isa = PBXBuildFile; fileRef = 2C2535931C7F475F00A9131E /* RearViewController.xib */; };
		2C32809A1C501B700062FAA2 /* HomeViewController.m in Sources */ = {isa = PBXBuildFile; fileRef = 2C3280981C501B700062FAA2 /* HomeViewController.m */; };
		2C32809B1C501B700062FAA2 /* HomeViewController.xib in Resources */ = {isa = PBXBuildFile; fileRef = 2C3280991C501B700062FAA2 /* HomeViewController.xib */; };
		2C42EB2E1C4F8A95000EF687 /* main.m in Sources */ = {isa = PBXBuildFile; fileRef = 2C42EB2D1C4F8A95000EF687 /* main.m */; };
		2C42EB311C4F8A95000EF687 /* AppDelegate.m in Sources */ = {isa = PBXBuildFile; fileRef = 2C42EB301C4F8A95000EF687 /* AppDelegate.m */; };
		2C42EB391C4F8A95000EF687 /* Images.xcassets in Resources */ = {isa = PBXBuildFile; fileRef = 2C42EB381C4F8A95000EF687 /* Images.xcassets */; };
		2C42EB3C1C4F8A95000EF687 /* LaunchScreen.xib in Resources */ = {isa = PBXBuildFile; fileRef = 2C42EB3A1C4F8A95000EF687 /* LaunchScreen.xib */; };
		2C42EB481C4F8A95000EF687 /* XmazonTests.m in Sources */ = {isa = PBXBuildFile; fileRef = 2C42EB471C4F8A95000EF687 /* XmazonTests.m */; };
		2C6CF5DC1C625D30000BFC7B /* ProductListViewController.m in Sources */ = {isa = PBXBuildFile; fileRef = 2C6CF5DA1C625D30000BFC7B /* ProductListViewController.m */; };
		2C6CF5DD1C625D30000BFC7B /* ProductListViewController.xib in Resources */ = {isa = PBXBuildFile; fileRef = 2C6CF5DB1C625D30000BFC7B /* ProductListViewController.xib */; };
		2C6CF5E31C625EBF000BFC7B /* ProductTableViewCell.m in Sources */ = {isa = PBXBuildFile; fileRef = 2C6CF5E11C625EBF000BFC7B /* ProductTableViewCell.m */; };
		2C6CF5E41C625EBF000BFC7B /* ProductTableViewCell.xib in Resources */ = {isa = PBXBuildFile; fileRef = 2C6CF5E21C625EBF000BFC7B /* ProductTableViewCell.xib */; };
		2CB557E51C5F7D9600AC8FF5 /* LoginViewController.m in Sources */ = {isa = PBXBuildFile; fileRef = 2CB557E31C5F7D9600AC8FF5 /* LoginViewController.m */; };
		2CB557E61C5F7D9600AC8FF5 /* LoginViewController.xib in Resources */ = {isa = PBXBuildFile; fileRef = 2CB557E41C5F7D9600AC8FF5 /* LoginViewController.xib */; };
		2CC6AA2C1C61E02C009425BC /* PasswordNotFoundViewController.m in Sources */ = {isa = PBXBuildFile; fileRef = 2CC6AA2A1C61E02C009425BC /* PasswordNotFoundViewController.m */; };
		2CC6AA2D1C61E02C009425BC /* PasswordNotFoundViewController.xib in Resources */ = {isa = PBXBuildFile; fileRef = 2CC6AA2B1C61E02C009425BC /* PasswordNotFoundViewController.xib */; };
		2CC6AA331C61E1DA009425BC /* RegistrationViewController.m in Sources */ = {isa = PBXBuildFile; fileRef = 2CC6AA311C61E1DA009425BC /* RegistrationViewController.m */; };
		2CC6AA341C61E1DA009425BC /* RegistrationViewController.xib in Resources */ = {isa = PBXBuildFile; fileRef = 2CC6AA321C61E1DA009425BC /* RegistrationViewController.xib */; };
		6200AAC87B4CF51517915A57 /* libPods-Xmazon.a in Frameworks */ = {isa = PBXBuildFile; fileRef = 72C71F204038C01E3F4EC934 /* libPods-Xmazon.a */; };
/* End PBXBuildFile section */

/* Begin PBXContainerItemProxy section */
		2C42EB421C4F8A95000EF687 /* PBXContainerItemProxy */ = {
			isa = PBXContainerItemProxy;
			containerPortal = 2C42EB201C4F8A95000EF687 /* Project object */;
			proxyType = 1;
			remoteGlobalIDString = 2C42EB271C4F8A95000EF687;
			remoteInfo = Xmazon;
		};
		2CB557DA1C5F413100AC8FF5 /* PBXContainerItemProxy */ = {
			isa = PBXContainerItemProxy;
			containerPortal = 2CB557CF1C5F413100AC8FF5 /* Pods.xcodeproj */;
			proxyType = 2;
			remoteGlobalIDString = 405BE7343F78DA89FA00FE32F05D4936;
			remoteInfo = AFNetworking;
		};
		2CB557DC1C5F413100AC8FF5 /* PBXContainerItemProxy */ = {
			isa = PBXContainerItemProxy;
			containerPortal = 2CB557CF1C5F413100AC8FF5 /* Pods.xcodeproj */;
			proxyType = 2;
			remoteGlobalIDString = FA7DC86189A5C1DE6274490A9C57142A;
			remoteInfo = "Pods-Xmazon";
		};
/* End PBXContainerItemProxy section */

/* Begin PBXFileReference section */
		0347CCD81C81F6FA00A3D8A0 /* XMApiService.h */ = {isa = PBXFileReference; fileEncoding = 4; lastKnownFileType = sourcecode.c.h; path = XMApiService.h; sourceTree = "<group>"; };
		0347CCD91C81F6FA00A3D8A0 /* XMApiService.m */ = {isa = PBXFileReference; fileEncoding = 4; lastKnownFileType = sourcecode.c.objc; path = XMApiService.m; sourceTree = "<group>"; };
		0347CCDB1C8211AF00A3D8A0 /* XMSessionDataSingleton.h */ = {isa = PBXFileReference; fileEncoding = 4; lastKnownFileType = sourcecode.c.h; path = XMSessionDataSingleton.h; sourceTree = "<group>"; };
		0347CCDC1C8211AF00A3D8A0 /* XMSessionDataSingleton.m */ = {isa = PBXFileReference; fileEncoding = 4; lastKnownFileType = sourcecode.c.objc; path = XMSessionDataSingleton.m; sourceTree = "<group>"; };
		0347CCDF1C82172200A3D8A0 /* XMUser.h */ = {isa = PBXFileReference; fileEncoding = 4; lastKnownFileType = sourcecode.c.h; path = XMUser.h; sourceTree = "<group>"; };
		0347CCE01C82172200A3D8A0 /* XMUser.m */ = {isa = PBXFileReference; fileEncoding = 4; lastKnownFileType = sourcecode.c.objc; path = XMUser.m; sourceTree = "<group>"; };
		0347CCE71C826C1600A3D8A0 /* XMStore.h */ = {isa = PBXFileReference; fileEncoding = 4; lastKnownFileType = sourcecode.c.h; path = XMStore.h; sourceTree = "<group>"; };
		0347CCE81C826C1600A3D8A0 /* XMStore.m */ = {isa = PBXFileReference; fileEncoding = 4; lastKnownFileType = sourcecode.c.objc; path = XMStore.m; sourceTree = "<group>"; };
		0347CCEA1C8272ED00A3D8A0 /* XMCategory.h */ = {isa = PBXFileReference; fileEncoding = 4; lastKnownFileType = sourcecode.c.h; path = XMCategory.h; sourceTree = "<group>"; };
		0347CCEB1C8272ED00A3D8A0 /* XMCategory.m */ = {isa = PBXFileReference; fileEncoding = 4; lastKnownFileType = sourcecode.c.objc; path = XMCategory.m; sourceTree = "<group>"; };
		0347CCF01C82772900A3D8A0 /* XMProduct.h */ = {isa = PBXFileReference; fileEncoding = 4; lastKnownFileType = sourcecode.c.h; path = XMProduct.h; sourceTree = "<group>"; };
		0347CCF11C82772900A3D8A0 /* XMProduct.m */ = {isa = PBXFileReference; fileEncoding = 4; lastKnownFileType = sourcecode.c.objc; path = XMProduct.m; sourceTree = "<group>"; };
		18B8AF32D57ECA60196CDAC9 /* Pods-Xmazon.debug.xcconfig */ = {isa = PBXFileReference; includeInIndex = 1; lastKnownFileType = text.xcconfig; name = "Pods-Xmazon.debug.xcconfig"; path = "Pods/Target Support Files/Pods-Xmazon/Pods-Xmazon.debug.xcconfig"; sourceTree = "<group>"; };
		1C064F851C81A5430077C417 /* Images */ = {isa = PBXFileReference; lastKnownFileType = folder; path = Images; sourceTree = "<group>"; };
		2C1408BA1C83613F00698FF2 /* ProfileViewController.h */ = {isa = PBXFileReference; fileEncoding = 4; lastKnownFileType = sourcecode.c.h; path = ProfileViewController.h; sourceTree = "<group>"; };
		2C1408BB1C83613F00698FF2 /* ProfileViewController.m */ = {isa = PBXFileReference; fileEncoding = 4; lastKnownFileType = sourcecode.c.objc; path = ProfileViewController.m; sourceTree = "<group>"; };
		2C1408BC1C83613F00698FF2 /* ProfileViewController.xib */ = {isa = PBXFileReference; fileEncoding = 4; lastKnownFileType = file.xib; path = ProfileViewController.xib; sourceTree = "<group>"; };
		2C1408C81C83A00D00698FF2 /* CartViewController.h */ = {isa = PBXFileReference; fileEncoding = 4; lastKnownFileType = sourcecode.c.h; path = CartViewController.h; sourceTree = "<group>"; };
		2C1408C91C83A00D00698FF2 /* CartViewController.m */ = {isa = PBXFileReference; fileEncoding = 4; lastKnownFileType = sourcecode.c.objc; path = CartViewController.m; sourceTree = "<group>"; };
		2C1408CA1C83A00D00698FF2 /* CartViewController.xib */ = {isa = PBXFileReference; fileEncoding = 4; lastKnownFileType = file.xib; path = CartViewController.xib; sourceTree = "<group>"; };
		2C1408D01C83A39100698FF2 /* OrderHistoryViewController.h */ = {isa = PBXFileReference; fileEncoding = 4; lastKnownFileType = sourcecode.c.h; path = OrderHistoryViewController.h; sourceTree = "<group>"; };
		2C1408D11C83A39100698FF2 /* OrderHistoryViewController.m */ = {isa = PBXFileReference; fileEncoding = 4; lastKnownFileType = sourcecode.c.objc; path = OrderHistoryViewController.m; sourceTree = "<group>"; };
		2C1408D21C83A39100698FF2 /* OrderHistoryViewController.xib */ = {isa = PBXFileReference; fileEncoding = 4; lastKnownFileType = file.xib; path = OrderHistoryViewController.xib; sourceTree = "<group>"; };
		2C1BBB851C6C7C3000D89B1A /* CategoryViewController.h */ = {isa = PBXFileReference; fileEncoding = 4; lastKnownFileType = sourcecode.c.h; path = CategoryViewController.h; sourceTree = "<group>"; };
		2C1BBB861C6C7C3000D89B1A /* CategoryViewController.m */ = {isa = PBXFileReference; fileEncoding = 4; lastKnownFileType = sourcecode.c.objc; path = CategoryViewController.m; sourceTree = "<group>"; };
		2C1BBB871C6C7C3000D89B1A /* CategoryViewController.xib */ = {isa = PBXFileReference; fileEncoding = 4; lastKnownFileType = file.xib; path = CategoryViewController.xib; sourceTree = "<group>"; };
		2C2535911C7F475F00A9131E /* RearViewController.h */ = {isa = PBXFileReference; fileEncoding = 4; lastKnownFileType = sourcecode.c.h; path = RearViewController.h; sourceTree = "<group>"; };
		2C2535921C7F475F00A9131E /* RearViewController.m */ = {isa = PBXFileReference; fileEncoding = 4; lastKnownFileType = sourcecode.c.objc; path = RearViewController.m; sourceTree = "<group>"; };
		2C2535931C7F475F00A9131E /* RearViewController.xib */ = {isa = PBXFileReference; fileEncoding = 4; lastKnownFileType = file.xib; path = RearViewController.xib; sourceTree = "<group>"; };
		2C3280971C501B700062FAA2 /* HomeViewController.h */ = {isa = PBXFileReference; fileEncoding = 4; lastKnownFileType = sourcecode.c.h; path = HomeViewController.h; sourceTree = "<group>"; };
		2C3280981C501B700062FAA2 /* HomeViewController.m */ = {isa = PBXFileReference; fileEncoding = 4; lastKnownFileType = sourcecode.c.objc; path = HomeViewController.m; sourceTree = "<group>"; };
		2C3280991C501B700062FAA2 /* HomeViewController.xib */ = {isa = PBXFileReference; fileEncoding = 4; lastKnownFileType = file.xib; path = HomeViewController.xib; sourceTree = "<group>"; };
		2C42EB281C4F8A95000EF687 /* Xmazon.app */ = {isa = PBXFileReference; explicitFileType = wrapper.application; includeInIndex = 0; path = Xmazon.app; sourceTree = BUILT_PRODUCTS_DIR; };
		2C42EB2C1C4F8A95000EF687 /* Info.plist */ = {isa = PBXFileReference; lastKnownFileType = text.plist.xml; path = Info.plist; sourceTree = "<group>"; };
		2C42EB2D1C4F8A95000EF687 /* main.m */ = {isa = PBXFileReference; lastKnownFileType = sourcecode.c.objc; path = main.m; sourceTree = "<group>"; };
		2C42EB2F1C4F8A95000EF687 /* AppDelegate.h */ = {isa = PBXFileReference; lastKnownFileType = sourcecode.c.h; path = AppDelegate.h; sourceTree = "<group>"; };
		2C42EB301C4F8A95000EF687 /* AppDelegate.m */ = {isa = PBXFileReference; lastKnownFileType = sourcecode.c.objc; path = AppDelegate.m; sourceTree = "<group>"; };
		2C42EB381C4F8A95000EF687 /* Images.xcassets */ = {isa = PBXFileReference; lastKnownFileType = folder.assetcatalog; path = Images.xcassets; sourceTree = "<group>"; };
		2C42EB3B1C4F8A95000EF687 /* Base */ = {isa = PBXFileReference; lastKnownFileType = file.xib; name = Base; path = Base.lproj/LaunchScreen.xib; sourceTree = "<group>"; };
		2C42EB411C4F8A95000EF687 /* XmazonTests.xctest */ = {isa = PBXFileReference; explicitFileType = wrapper.cfbundle; includeInIndex = 0; path = XmazonTests.xctest; sourceTree = BUILT_PRODUCTS_DIR; };
		2C42EB461C4F8A95000EF687 /* Info.plist */ = {isa = PBXFileReference; lastKnownFileType = text.plist.xml; path = Info.plist; sourceTree = "<group>"; };
		2C42EB471C4F8A95000EF687 /* XmazonTests.m */ = {isa = PBXFileReference; lastKnownFileType = sourcecode.c.objc; path = XmazonTests.m; sourceTree = "<group>"; };
		2C6CF5D91C625D30000BFC7B /* ProductListViewController.h */ = {isa = PBXFileReference; fileEncoding = 4; lastKnownFileType = sourcecode.c.h; path = ProductListViewController.h; sourceTree = "<group>"; };
		2C6CF5DA1C625D30000BFC7B /* ProductListViewController.m */ = {isa = PBXFileReference; fileEncoding = 4; lastKnownFileType = sourcecode.c.objc; path = ProductListViewController.m; sourceTree = "<group>"; };
		2C6CF5DB1C625D30000BFC7B /* ProductListViewController.xib */ = {isa = PBXFileReference; fileEncoding = 4; lastKnownFileType = file.xib; path = ProductListViewController.xib; sourceTree = "<group>"; };
		2C6CF5E01C625EBF000BFC7B /* ProductTableViewCell.h */ = {isa = PBXFileReference; fileEncoding = 4; lastKnownFileType = sourcecode.c.h; path = ProductTableViewCell.h; sourceTree = "<group>"; };
		2C6CF5E11C625EBF000BFC7B /* ProductTableViewCell.m */ = {isa = PBXFileReference; fileEncoding = 4; lastKnownFileType = sourcecode.c.objc; path = ProductTableViewCell.m; sourceTree = "<group>"; };
		2C6CF5E21C625EBF000BFC7B /* ProductTableViewCell.xib */ = {isa = PBXFileReference; fileEncoding = 4; lastKnownFileType = file.xib; path = ProductTableViewCell.xib; sourceTree = "<group>"; };
		2CB557CF1C5F413100AC8FF5 /* Pods.xcodeproj */ = {isa = PBXFileReference; lastKnownFileType = "wrapper.pb-project"; path = Pods.xcodeproj; sourceTree = "<group>"; };
		2CB557D41C5F413100AC8FF5 /* Pods-Xmazon.debug.xcconfig */ = {isa = PBXFileReference; fileEncoding = 4; lastKnownFileType = text.xcconfig; path = "Pods-Xmazon.debug.xcconfig"; sourceTree = "<group>"; };
		2CB557D51C5F413100AC8FF5 /* Pods-Xmazon.release.xcconfig */ = {isa = PBXFileReference; fileEncoding = 4; lastKnownFileType = text.xcconfig; path = "Pods-Xmazon.release.xcconfig"; sourceTree = "<group>"; };
		2CB557E21C5F7D9600AC8FF5 /* LoginViewController.h */ = {isa = PBXFileReference; fileEncoding = 4; lastKnownFileType = sourcecode.c.h; path = LoginViewController.h; sourceTree = "<group>"; };
		2CB557E31C5F7D9600AC8FF5 /* LoginViewController.m */ = {isa = PBXFileReference; fileEncoding = 4; lastKnownFileType = sourcecode.c.objc; path = LoginViewController.m; sourceTree = "<group>"; };
		2CB557E41C5F7D9600AC8FF5 /* LoginViewController.xib */ = {isa = PBXFileReference; fileEncoding = 4; lastKnownFileType = file.xib; path = LoginViewController.xib; sourceTree = "<group>"; };
		2CC6AA291C61E02C009425BC /* PasswordNotFoundViewController.h */ = {isa = PBXFileReference; fileEncoding = 4; lastKnownFileType = sourcecode.c.h; path = PasswordNotFoundViewController.h; sourceTree = "<group>"; };
		2CC6AA2A1C61E02C009425BC /* PasswordNotFoundViewController.m */ = {isa = PBXFileReference; fileEncoding = 4; lastKnownFileType = sourcecode.c.objc; path = PasswordNotFoundViewController.m; sourceTree = "<group>"; };
		2CC6AA2B1C61E02C009425BC /* PasswordNotFoundViewController.xib */ = {isa = PBXFileReference; fileEncoding = 4; lastKnownFileType = file.xib; path = PasswordNotFoundViewController.xib; sourceTree = "<group>"; };
		2CC6AA301C61E1DA009425BC /* RegistrationViewController.h */ = {isa = PBXFileReference; fileEncoding = 4; lastKnownFileType = sourcecode.c.h; path = RegistrationViewController.h; sourceTree = "<group>"; };
		2CC6AA311C61E1DA009425BC /* RegistrationViewController.m */ = {isa = PBXFileReference; fileEncoding = 4; lastKnownFileType = sourcecode.c.objc; path = RegistrationViewController.m; sourceTree = "<group>"; };
		2CC6AA321C61E1DA009425BC /* RegistrationViewController.xib */ = {isa = PBXFileReference; fileEncoding = 4; lastKnownFileType = file.xib; path = RegistrationViewController.xib; sourceTree = "<group>"; };
		44F8937CF89A2824EC1D7DE4 /* Pods-Xmazon.release.xcconfig */ = {isa = PBXFileReference; includeInIndex = 1; lastKnownFileType = text.xcconfig; name = "Pods-Xmazon.release.xcconfig"; path = "Pods/Target Support Files/Pods-Xmazon/Pods-Xmazon.release.xcconfig"; sourceTree = "<group>"; };
		72C71F204038C01E3F4EC934 /* libPods-Xmazon.a */ = {isa = PBXFileReference; explicitFileType = archive.ar; includeInIndex = 0; path = "libPods-Xmazon.a"; sourceTree = BUILT_PRODUCTS_DIR; };
/* End PBXFileReference section */

/* Begin PBXFrameworksBuildPhase section */
		2C42EB251C4F8A95000EF687 /* Frameworks */ = {
			isa = PBXFrameworksBuildPhase;
			buildActionMask = 2147483647;
			files = (
				6200AAC87B4CF51517915A57 /* libPods-Xmazon.a in Frameworks */,
			);
			runOnlyForDeploymentPostprocessing = 0;
		};
		2C42EB3E1C4F8A95000EF687 /* Frameworks */ = {
			isa = PBXFrameworksBuildPhase;
			buildActionMask = 2147483647;
			files = (
			);
			runOnlyForDeploymentPostprocessing = 0;
		};
/* End PBXFrameworksBuildPhase section */

/* Begin PBXGroup section */
		0347CCDE1C8211B600A3D8A0 /* utils */ = {
			isa = PBXGroup;
			children = (
				0347CCDB1C8211AF00A3D8A0 /* XMSessionDataSingleton.h */,
				0347CCDC1C8211AF00A3D8A0 /* XMSessionDataSingleton.m */,
			);
			name = utils;
			sourceTree = "<group>";
		};
		03A131821C63E0290055FC11 /* Authentification */ = {
			isa = PBXGroup;
			children = (
				2CB557E21C5F7D9600AC8FF5 /* LoginViewController.h */,
				2CB557E31C5F7D9600AC8FF5 /* LoginViewController.m */,
				2CC6AA301C61E1DA009425BC /* RegistrationViewController.h */,
				2CC6AA311C61E1DA009425BC /* RegistrationViewController.m */,
				2CC6AA291C61E02C009425BC /* PasswordNotFoundViewController.h */,
				2CC6AA2A1C61E02C009425BC /* PasswordNotFoundViewController.m */,
			);
			name = Authentification;
			sourceTree = "<group>";
		};
		03A131831C63E07D0055FC11 /* Market */ = {
			isa = PBXGroup;
			children = (
				2C1408CD1C83A11F00698FF2 /* market Cell */,
				2C6CF5D91C625D30000BFC7B /* ProductListViewController.h */,
				2C6CF5DA1C625D30000BFC7B /* ProductListViewController.m */,
				2C1BBB851C6C7C3000D89B1A /* CategoryViewController.h */,
				2C1BBB861C6C7C3000D89B1A /* CategoryViewController.m */,
			);
			name = Market;
			sourceTree = "<group>";
		};
		03A131851C63E0A60055FC11 /* Home */ = {
			isa = PBXGroup;
			children = (
				2C3280971C501B700062FAA2 /* HomeViewController.h */,
				2C3280981C501B700062FAA2 /* HomeViewController.m */,
			);
			name = Home;
			sourceTree = "<group>";
		};
		03A131861C63E0CC0055FC11 /* Modele */ = {
			isa = PBXGroup;
			children = (
				0347CCDF1C82172200A3D8A0 /* XMUser.h */,
				0347CCE01C82172200A3D8A0 /* XMUser.m */,
				0347CCE71C826C1600A3D8A0 /* XMStore.h */,
				0347CCE81C826C1600A3D8A0 /* XMStore.m */,
				0347CCEA1C8272ED00A3D8A0 /* XMCategory.h */,
				0347CCEB1C8272ED00A3D8A0 /* XMCategory.m */,
				0347CCF01C82772900A3D8A0 /* XMProduct.h */,
				0347CCF11C82772900A3D8A0 /* XMProduct.m */,
			);
			name = Modele;
			sourceTree = "<group>";
		};
		03A131871C63E0D40055FC11 /* ApiService */ = {
			isa = PBXGroup;
			children = (
				0347CCD81C81F6FA00A3D8A0 /* XMApiService.h */,
				0347CCD91C81F6FA00A3D8A0 /* XMApiService.m */,
			);
			name = ApiService;
			sourceTree = "<group>";
		};
		2C138D5E1C7C44E00053DBB5 /* Menu */ = {
			isa = PBXGroup;
			children = (
				2C2535931C7F475F00A9131E /* RearViewController.xib */,
			);
			name = Menu;
			sourceTree = "<group>";
		};
		2C1408B81C831E0600698FF2 /* Menu */ = {
			isa = PBXGroup;
			children = (
				2C2535911C7F475F00A9131E /* RearViewController.h */,
				2C2535921C7F475F00A9131E /* RearViewController.m */,
			);
			name = Menu;
			sourceTree = "<group>";
		};
		2C1408B91C83611800698FF2 /* User */ = {
			isa = PBXGroup;
			children = (
				2C1408BC1C83613F00698FF2 /* ProfileViewController.xib */,
			);
			name = User;
			sourceTree = "<group>";
		};
		2C1408BF1C83911C00698FF2 /* User */ = {
			isa = PBXGroup;
			children = (
				2C1408BA1C83613F00698FF2 /* ProfileViewController.h */,
				2C1408BB1C83613F00698FF2 /* ProfileViewController.m */,
			);
			name = User;
			sourceTree = "<group>";
		};
		2C1408C01C83916600698FF2 /* Controller */ = {
			isa = PBXGroup;
			children = (
				2C1408D51C83A3A100698FF2 /* Order */,
				2C1408C71C83997900698FF2 /* Cart */,
				03A131831C63E07D0055FC11 /* Market */,
				2C1408BF1C83911C00698FF2 /* User */,
				2C1408B81C831E0600698FF2 /* Menu */,
				03A131821C63E0290055FC11 /* Authentification */,
				03A131851C63E0A60055FC11 /* Home */,
			);
			name = Controller;
			sourceTree = "<group>";
		};
		2C1408C11C8398FF00698FF2 /* Cart */ = {
			isa = PBXGroup;
			children = (
				2C1408CA1C83A00D00698FF2 /* CartViewController.xib */,
			);
			name = Cart;
			sourceTree = "<group>";
		};
		2C1408C71C83997900698FF2 /* Cart */ = {
			isa = PBXGroup;
			children = (
				2C1408C81C83A00D00698FF2 /* CartViewController.h */,
				2C1408C91C83A00D00698FF2 /* CartViewController.m */,
			);
			name = Cart;
			sourceTree = "<group>";
		};
		2C1408CD1C83A11F00698FF2 /* market Cell */ = {
			isa = PBXGroup;
			children = (
				2C6CF5E01C625EBF000BFC7B /* ProductTableViewCell.h */,
				2C6CF5E11C625EBF000BFC7B /* ProductTableViewCell.m */,
			);
			name = "market Cell";
			sourceTree = "<group>";
		};
		2C1408CE1C83A12F00698FF2 /* Market Cell */ = {
			isa = PBXGroup;
			children = (
				2C6CF5E21C625EBF000BFC7B /* ProductTableViewCell.xib */,
			);
			name = "Market Cell";
			sourceTree = "<group>";
		};
		2C1408CF1C83A37D00698FF2 /* Order */ = {
			isa = PBXGroup;
			children = (
				2C1408D21C83A39100698FF2 /* OrderHistoryViewController.xib */,
			);
			name = Order;
			sourceTree = "<group>";
		};
		2C1408D51C83A3A100698FF2 /* Order */ = {
			isa = PBXGroup;
			children = (
				2C1408D01C83A39100698FF2 /* OrderHistoryViewController.h */,
				2C1408D11C83A39100698FF2 /* OrderHistoryViewController.m */,
			);
			name = Order;
			sourceTree = "<group>";
		};
		2C1BBB8A1C6C7C3B00D89B1A /* View */ = {
			isa = PBXGroup;
			children = (
				2C1408CF1C83A37D00698FF2 /* Order */,
				2C1408C11C8398FF00698FF2 /* Cart */,
				2C1408B91C83611800698FF2 /* User */,
				2C138D5E1C7C44E00053DBB5 /* Menu */,
				2C1BBB8D1C6C7C6F00D89B1A /* Market */,
				2C1BBB8C1C6C7C6300D89B1A /* Home */,
				2C1BBB8B1C6C7C4300D89B1A /* Authentification */,
			);
			name = View;
			sourceTree = "<group>";
		};
		2C1BBB8B1C6C7C4300D89B1A /* Authentification */ = {
			isa = PBXGroup;
			children = (
				2CB557E41C5F7D9600AC8FF5 /* LoginViewController.xib */,
				2CC6AA321C61E1DA009425BC /* RegistrationViewController.xib */,
				2CC6AA2B1C61E02C009425BC /* PasswordNotFoundViewController.xib */,
			);
			name = Authentification;
			sourceTree = "<group>";
		};
		2C1BBB8C1C6C7C6300D89B1A /* Home */ = {
			isa = PBXGroup;
			children = (
				2C3280991C501B700062FAA2 /* HomeViewController.xib */,
			);
			name = Home;
			sourceTree = "<group>";
		};
		2C1BBB8D1C6C7C6F00D89B1A /* Market */ = {
			isa = PBXGroup;
			children = (
				2C1408CE1C83A12F00698FF2 /* Market Cell */,
				2C6CF5DB1C625D30000BFC7B /* ProductListViewController.xib */,
				2C1BBB871C6C7C3000D89B1A /* CategoryViewController.xib */,
			);
			name = Market;
			sourceTree = "<group>";
		};
		2C2535961C7FBD1C00A9131E /* Resources */ = {
			isa = PBXGroup;
			children = (
				1C064F851C81A5430077C417 /* Images */,
			);
			name = Resources;
			sourceTree = "<group>";
		};
		2C42EB1F1C4F8A95000EF687 = {
			isa = PBXGroup;
			children = (
				2C42EB2A1C4F8A95000EF687 /* Xmazon */,
				2C42EB441C4F8A95000EF687 /* XmazonTests */,
				2C42EB291C4F8A95000EF687 /* Products */,
				B45E27A88F5D72407F40A9D8 /* Pods */,
				F5B1740648E9995F7D9B40EF /* Frameworks */,
			);
			sourceTree = "<group>";
		};
		2C42EB291C4F8A95000EF687 /* Products */ = {
			isa = PBXGroup;
			children = (
				2C42EB281C4F8A95000EF687 /* Xmazon.app */,
				2C42EB411C4F8A95000EF687 /* XmazonTests.xctest */,
			);
			name = Products;
			sourceTree = "<group>";
		};
		2C42EB2A1C4F8A95000EF687 /* Xmazon */ = {
			isa = PBXGroup;
			children = (
				0347CCDE1C8211B600A3D8A0 /* utils */,
				2C2535961C7FBD1C00A9131E /* Resources */,
				2C1BBB8A1C6C7C3B00D89B1A /* View */,
				03A131871C63E0D40055FC11 /* ApiService */,
				03A131861C63E0CC0055FC11 /* Modele */,
				2C42EB2F1C4F8A95000EF687 /* AppDelegate.h */,
				2C42EB301C4F8A95000EF687 /* AppDelegate.m */,
				2C1408C01C83916600698FF2 /* Controller */,
				2C42EB381C4F8A95000EF687 /* Images.xcassets */,
				2C42EB3A1C4F8A95000EF687 /* LaunchScreen.xib */,
				2CB557CD1C5F413100AC8FF5 /* Pods */,
				2C42EB2B1C4F8A95000EF687 /* Supporting Files */,
			);
			path = Xmazon;
			sourceTree = "<group>";
		};
		2C42EB2B1C4F8A95000EF687 /* Supporting Files */ = {
			isa = PBXGroup;
			children = (
				2C42EB2C1C4F8A95000EF687 /* Info.plist */,
				2C42EB2D1C4F8A95000EF687 /* main.m */,
			);
			name = "Supporting Files";
			sourceTree = "<group>";
		};
		2C42EB441C4F8A95000EF687 /* XmazonTests */ = {
			isa = PBXGroup;
			children = (
				2C42EB471C4F8A95000EF687 /* XmazonTests.m */,
				2C42EB451C4F8A95000EF687 /* Supporting Files */,
			);
			path = XmazonTests;
			sourceTree = "<group>";
		};
		2C42EB451C4F8A95000EF687 /* Supporting Files */ = {
			isa = PBXGroup;
			children = (
				2C42EB461C4F8A95000EF687 /* Info.plist */,
			);
			name = "Supporting Files";
			sourceTree = "<group>";
		};
		2CB557CD1C5F413100AC8FF5 /* Pods */ = {
			isa = PBXGroup;
			children = (
				2CB557CE1C5F413100AC8FF5 /* Local Podspecs */,
				2CB557CF1C5F413100AC8FF5 /* Pods.xcodeproj */,
				2CB557D21C5F413100AC8FF5 /* Target Support Files */,
			);
			path = Pods;
			sourceTree = "<group>";
		};
		2CB557CE1C5F413100AC8FF5 /* Local Podspecs */ = {
			isa = PBXGroup;
			children = (
			);
			path = "Local Podspecs";
			sourceTree = "<group>";
		};
		2CB557D01C5F413100AC8FF5 /* Products */ = {
			isa = PBXGroup;
			children = (
				2CB557DB1C5F413100AC8FF5 /* libAFNetworking.a */,
				2CB557DD1C5F413100AC8FF5 /* libPods-Xmazon.a */,
			);
			name = Products;
			sourceTree = "<group>";
		};
		2CB557D21C5F413100AC8FF5 /* Target Support Files */ = {
			isa = PBXGroup;
			children = (
				2CB557D31C5F413100AC8FF5 /* Pods-Xmazon */,
			);
			path = "Target Support Files";
			sourceTree = "<group>";
		};
		2CB557D31C5F413100AC8FF5 /* Pods-Xmazon */ = {
			isa = PBXGroup;
			children = (
				2CB557D41C5F413100AC8FF5 /* Pods-Xmazon.debug.xcconfig */,
				2CB557D51C5F413100AC8FF5 /* Pods-Xmazon.release.xcconfig */,
			);
			path = "Pods-Xmazon";
			sourceTree = "<group>";
		};
		B45E27A88F5D72407F40A9D8 /* Pods */ = {
			isa = PBXGroup;
			children = (
				18B8AF32D57ECA60196CDAC9 /* Pods-Xmazon.debug.xcconfig */,
				44F8937CF89A2824EC1D7DE4 /* Pods-Xmazon.release.xcconfig */,
			);
			name = Pods;
			sourceTree = "<group>";
		};
		F5B1740648E9995F7D9B40EF /* Frameworks */ = {
			isa = PBXGroup;
			children = (
				72C71F204038C01E3F4EC934 /* libPods-Xmazon.a */,
			);
			name = Frameworks;
			sourceTree = "<group>";
		};
/* End PBXGroup section */

/* Begin PBXNativeTarget section */
		2C42EB271C4F8A95000EF687 /* Xmazon */ = {
			isa = PBXNativeTarget;
			buildConfigurationList = 2C42EB4B1C4F8A95000EF687 /* Build configuration list for PBXNativeTarget "Xmazon" */;
			buildPhases = (
				A0AE2214C1366E519A451533 /* Check Pods Manifest.lock */,
				2C42EB241C4F8A95000EF687 /* Sources */,
				2C42EB251C4F8A95000EF687 /* Frameworks */,
				2C42EB261C4F8A95000EF687 /* Resources */,
				7AD8B587FB0736BCF6759E23 /* Embed Pods Frameworks */,
				8FB70D049E95B0541963894C /* Copy Pods Resources */,
			);
			buildRules = (
			);
			dependencies = (
			);
			name = Xmazon;
			productName = Xmazon;
			productReference = 2C42EB281C4F8A95000EF687 /* Xmazon.app */;
			productType = "com.apple.product-type.application";
		};
		2C42EB401C4F8A95000EF687 /* XmazonTests */ = {
			isa = PBXNativeTarget;
			buildConfigurationList = 2C42EB4E1C4F8A95000EF687 /* Build configuration list for PBXNativeTarget "XmazonTests" */;
			buildPhases = (
				2C42EB3D1C4F8A95000EF687 /* Sources */,
				2C42EB3E1C4F8A95000EF687 /* Frameworks */,
				2C42EB3F1C4F8A95000EF687 /* Resources */,
			);
			buildRules = (
			);
			dependencies = (
				2C42EB431C4F8A95000EF687 /* PBXTargetDependency */,
			);
			name = XmazonTests;
			productName = XmazonTests;
			productReference = 2C42EB411C4F8A95000EF687 /* XmazonTests.xctest */;
			productType = "com.apple.product-type.bundle.unit-test";
		};
/* End PBXNativeTarget section */

/* Begin PBXProject section */
		2C42EB201C4F8A95000EF687 /* Project object */ = {
			isa = PBXProject;
			attributes = {
				LastUpgradeCheck = 0720;
				ORGANIZATIONNAME = com.esgi;
				TargetAttributes = {
					2C42EB271C4F8A95000EF687 = {
						CreatedOnToolsVersion = 6.4;
					};
					2C42EB401C4F8A95000EF687 = {
						CreatedOnToolsVersion = 6.4;
						TestTargetID = 2C42EB271C4F8A95000EF687;
					};
				};
			};
			buildConfigurationList = 2C42EB231C4F8A95000EF687 /* Build configuration list for PBXProject "Xmazon" */;
			compatibilityVersion = "Xcode 3.2";
			developmentRegion = English;
			hasScannedForEncodings = 0;
			knownRegions = (
				en,
				Base,
			);
			mainGroup = 2C42EB1F1C4F8A95000EF687;
			productRefGroup = 2C42EB291C4F8A95000EF687 /* Products */;
			projectDirPath = "";
			projectReferences = (
				{
					ProductGroup = 2CB557D01C5F413100AC8FF5 /* Products */;
					ProjectRef = 2CB557CF1C5F413100AC8FF5 /* Pods.xcodeproj */;
				},
			);
			projectRoot = "";
			targets = (
				2C42EB271C4F8A95000EF687 /* Xmazon */,
				2C42EB401C4F8A95000EF687 /* XmazonTests */,
			);
		};
/* End PBXProject section */

/* Begin PBXReferenceProxy section */
		2CB557DB1C5F413100AC8FF5 /* libAFNetworking.a */ = {
			isa = PBXReferenceProxy;
			fileType = archive.ar;
			path = libAFNetworking.a;
			remoteRef = 2CB557DA1C5F413100AC8FF5 /* PBXContainerItemProxy */;
			sourceTree = BUILT_PRODUCTS_DIR;
		};
		2CB557DD1C5F413100AC8FF5 /* libPods-Xmazon.a */ = {
			isa = PBXReferenceProxy;
			fileType = archive.ar;
			path = "libPods-Xmazon.a";
			remoteRef = 2CB557DC1C5F413100AC8FF5 /* PBXContainerItemProxy */;
			sourceTree = BUILT_PRODUCTS_DIR;
		};
/* End PBXReferenceProxy section */

/* Begin PBXResourcesBuildPhase section */
		2C42EB261C4F8A95000EF687 /* Resources */ = {
			isa = PBXResourcesBuildPhase;
			buildActionMask = 2147483647;
			files = (
				1C064F861C81A5430077C417 /* Images in Resources */,
				2C42EB3C1C4F8A95000EF687 /* LaunchScreen.xib in Resources */,
				2CC6AA341C61E1DA009425BC /* RegistrationViewController.xib in Resources */,
				2CC6AA2D1C61E02C009425BC /* PasswordNotFoundViewController.xib in Resources */,
				2C42EB391C4F8A95000EF687 /* Images.xcassets in Resources */,
				2C2535951C7F475F00A9131E /* RearViewController.xib in Resources */,
				2C1408CC1C83A00D00698FF2 /* CartViewController.xib in Resources */,
				2C1408BE1C83613F00698FF2 /* ProfileViewController.xib in Resources */,
				2C6CF5DD1C625D30000BFC7B /* ProductListViewController.xib in Resources */,
				2C1BBB891C6C7C3000D89B1A /* CategoryViewController.xib in Resources */,
				2C1408D41C83A39100698FF2 /* OrderHistoryViewController.xib in Resources */,
				2CB557E61C5F7D9600AC8FF5 /* LoginViewController.xib in Resources */,
				2C6CF5E41C625EBF000BFC7B /* ProductTableViewCell.xib in Resources */,
				2C32809B1C501B700062FAA2 /* HomeViewController.xib in Resources */,
			);
			runOnlyForDeploymentPostprocessing = 0;
		};
		2C42EB3F1C4F8A95000EF687 /* Resources */ = {
			isa = PBXResourcesBuildPhase;
			buildActionMask = 2147483647;
			files = (
			);
			runOnlyForDeploymentPostprocessing = 0;
		};
/* End PBXResourcesBuildPhase section */

/* Begin PBXShellScriptBuildPhase section */
		7AD8B587FB0736BCF6759E23 /* Embed Pods Frameworks */ = {
			isa = PBXShellScriptBuildPhase;
			buildActionMask = 2147483647;
			files = (
			);
			inputPaths = (
			);
			name = "Embed Pods Frameworks";
			outputPaths = (
			);
			runOnlyForDeploymentPostprocessing = 0;
			shellPath = /bin/sh;
			shellScript = "\"${SRCROOT}/Pods/Target Support Files/Pods-Xmazon/Pods-Xmazon-frameworks.sh\"\n";
			showEnvVarsInLog = 0;
		};
		8FB70D049E95B0541963894C /* Copy Pods Resources */ = {
			isa = PBXShellScriptBuildPhase;
			buildActionMask = 2147483647;
			files = (
			);
			inputPaths = (
			);
			name = "Copy Pods Resources";
			outputPaths = (
			);
			runOnlyForDeploymentPostprocessing = 0;
			shellPath = /bin/sh;
			shellScript = "\"${SRCROOT}/Pods/Target Support Files/Pods-Xmazon/Pods-Xmazon-resources.sh\"\n";
			showEnvVarsInLog = 0;
		};
		A0AE2214C1366E519A451533 /* Check Pods Manifest.lock */ = {
			isa = PBXShellScriptBuildPhase;
			buildActionMask = 2147483647;
			files = (
			);
			inputPaths = (
			);
			name = "Check Pods Manifest.lock";
			outputPaths = (
			);
			runOnlyForDeploymentPostprocessing = 0;
			shellPath = /bin/sh;
			shellScript = "diff \"${PODS_ROOT}/../Podfile.lock\" \"${PODS_ROOT}/Manifest.lock\" > /dev/null\nif [[ $? != 0 ]] ; then\n    cat << EOM\nerror: The sandbox is not in sync with the Podfile.lock. Run 'pod install' or update your CocoaPods installation.\nEOM\n    exit 1\nfi\n";
			showEnvVarsInLog = 0;
		};
/* End PBXShellScriptBuildPhase section */

/* Begin PBXSourcesBuildPhase section */
		2C42EB241C4F8A95000EF687 /* Sources */ = {
			isa = PBXSourcesBuildPhase;
			buildActionMask = 2147483647;
			files = (
				2CB557E51C5F7D9600AC8FF5 /* LoginViewController.m in Sources */,
				2CC6AA331C61E1DA009425BC /* RegistrationViewController.m in Sources */,
				0347CCDA1C81F6FA00A3D8A0 /* XMApiService.m in Sources */,
				2C42EB311C4F8A95000EF687 /* AppDelegate.m in Sources */,
				2C42EB2E1C4F8A95000EF687 /* main.m in Sources */,
				0347CCF21C82772900A3D8A0 /* XMProduct.m in Sources */,
				0347CCE91C826C1600A3D8A0 /* XMStore.m in Sources */,
				0347CCDD1C8211AF00A3D8A0 /* XMSessionDataSingleton.m in Sources */,
				2C1BBB881C6C7C3000D89B1A /* CategoryViewController.m in Sources */,
				2C1408D31C83A39100698FF2 /* OrderHistoryViewController.m in Sources */,
				2C1408BD1C83613F00698FF2 /* ProfileViewController.m in Sources */,
				2C2535941C7F475F00A9131E /* RearViewController.m in Sources */,
				0347CCEC1C8272ED00A3D8A0 /* XMCategory.m in Sources */,
				2C32809A1C501B700062FAA2 /* HomeViewController.m in Sources */,
				2C6CF5E31C625EBF000BFC7B /* ProductTableViewCell.m in Sources */,
				0347CCE11C82172200A3D8A0 /* XMUser.m in Sources */,
				2C6CF5DC1C625D30000BFC7B /* ProductListViewController.m in Sources */,
				2C1408CB1C83A00D00698FF2 /* CartViewController.m in Sources */,
				2CC6AA2C1C61E02C009425BC /* PasswordNotFoundViewController.m in Sources */,
			);
			runOnlyForDeploymentPostprocessing = 0;
		};
		2C42EB3D1C4F8A95000EF687 /* Sources */ = {
			isa = PBXSourcesBuildPhase;
			buildActionMask = 2147483647;
			files = (
				2C42EB481C4F8A95000EF687 /* XmazonTests.m in Sources */,
			);
			runOnlyForDeploymentPostprocessing = 0;
		};
/* End PBXSourcesBuildPhase section */

/* Begin PBXTargetDependency section */
		2C42EB431C4F8A95000EF687 /* PBXTargetDependency */ = {
			isa = PBXTargetDependency;
			target = 2C42EB271C4F8A95000EF687 /* Xmazon */;
			targetProxy = 2C42EB421C4F8A95000EF687 /* PBXContainerItemProxy */;
		};
/* End PBXTargetDependency section */

/* Begin PBXVariantGroup section */
		2C42EB3A1C4F8A95000EF687 /* LaunchScreen.xib */ = {
			isa = PBXVariantGroup;
			children = (
				2C42EB3B1C4F8A95000EF687 /* Base */,
			);
			name = LaunchScreen.xib;
			sourceTree = "<group>";
		};
/* End PBXVariantGroup section */

/* Begin XCBuildConfiguration section */
		2C42EB491C4F8A95000EF687 /* Debug */ = {
			isa = XCBuildConfiguration;
			buildSettings = {
				ALWAYS_SEARCH_USER_PATHS = NO;
				CLANG_CXX_LANGUAGE_STANDARD = "gnu++0x";
				CLANG_CXX_LIBRARY = "libc++";
				CLANG_ENABLE_MODULES = YES;
				CLANG_ENABLE_OBJC_ARC = YES;
				CLANG_WARN_BOOL_CONVERSION = YES;
				CLANG_WARN_CONSTANT_CONVERSION = YES;
				CLANG_WARN_DIRECT_OBJC_ISA_USAGE = YES_ERROR;
				CLANG_WARN_EMPTY_BODY = YES;
				CLANG_WARN_ENUM_CONVERSION = YES;
				CLANG_WARN_INT_CONVERSION = YES;
				CLANG_WARN_OBJC_ROOT_CLASS = YES_ERROR;
				CLANG_WARN_UNREACHABLE_CODE = YES;
				CLANG_WARN__DUPLICATE_METHOD_MATCH = YES;
				"CODE_SIGN_IDENTITY[sdk=iphoneos*]" = "iPhone Developer";
				COPY_PHASE_STRIP = NO;
				DEBUG_INFORMATION_FORMAT = "dwarf-with-dsym";
				ENABLE_STRICT_OBJC_MSGSEND = YES;
				ENABLE_TESTABILITY = YES;
				GCC_C_LANGUAGE_STANDARD = gnu99;
				GCC_DYNAMIC_NO_PIC = NO;
				GCC_NO_COMMON_BLOCKS = YES;
				GCC_OPTIMIZATION_LEVEL = 0;
				GCC_PREPROCESSOR_DEFINITIONS = (
					"DEBUG=1",
					"$(inherited)",
				);
				GCC_SYMBOLS_PRIVATE_EXTERN = NO;
				GCC_WARN_64_TO_32_BIT_CONVERSION = YES;
				GCC_WARN_ABOUT_RETURN_TYPE = YES_ERROR;
				GCC_WARN_UNDECLARED_SELECTOR = YES;
				GCC_WARN_UNINITIALIZED_AUTOS = YES_AGGRESSIVE;
				GCC_WARN_UNUSED_FUNCTION = YES;
				GCC_WARN_UNUSED_VARIABLE = YES;
				IPHONEOS_DEPLOYMENT_TARGET = 8.4;
				MTL_ENABLE_DEBUG_INFO = YES;
				ONLY_ACTIVE_ARCH = YES;
				SDKROOT = iphoneos;
			};
			name = Debug;
		};
		2C42EB4A1C4F8A95000EF687 /* Release */ = {
			isa = XCBuildConfiguration;
			buildSettings = {
				ALWAYS_SEARCH_USER_PATHS = NO;
				CLANG_CXX_LANGUAGE_STANDARD = "gnu++0x";
				CLANG_CXX_LIBRARY = "libc++";
				CLANG_ENABLE_MODULES = YES;
				CLANG_ENABLE_OBJC_ARC = YES;
				CLANG_WARN_BOOL_CONVERSION = YES;
				CLANG_WARN_CONSTANT_CONVERSION = YES;
				CLANG_WARN_DIRECT_OBJC_ISA_USAGE = YES_ERROR;
				CLANG_WARN_EMPTY_BODY = YES;
				CLANG_WARN_ENUM_CONVERSION = YES;
				CLANG_WARN_INT_CONVERSION = YES;
				CLANG_WARN_OBJC_ROOT_CLASS = YES_ERROR;
				CLANG_WARN_UNREACHABLE_CODE = YES;
				CLANG_WARN__DUPLICATE_METHOD_MATCH = YES;
				"CODE_SIGN_IDENTITY[sdk=iphoneos*]" = "iPhone Developer";
				COPY_PHASE_STRIP = NO;
				DEBUG_INFORMATION_FORMAT = "dwarf-with-dsym";
				ENABLE_NS_ASSERTIONS = NO;
				ENABLE_STRICT_OBJC_MSGSEND = YES;
				GCC_C_LANGUAGE_STANDARD = gnu99;
				GCC_NO_COMMON_BLOCKS = YES;
				GCC_WARN_64_TO_32_BIT_CONVERSION = YES;
				GCC_WARN_ABOUT_RETURN_TYPE = YES_ERROR;
				GCC_WARN_UNDECLARED_SELECTOR = YES;
				GCC_WARN_UNINITIALIZED_AUTOS = YES_AGGRESSIVE;
				GCC_WARN_UNUSED_FUNCTION = YES;
				GCC_WARN_UNUSED_VARIABLE = YES;
				IPHONEOS_DEPLOYMENT_TARGET = 8.4;
				MTL_ENABLE_DEBUG_INFO = NO;
				SDKROOT = iphoneos;
				VALIDATE_PRODUCT = YES;
			};
			name = Release;
		};
		2C42EB4C1C4F8A95000EF687 /* Debug */ = {
			isa = XCBuildConfiguration;
			baseConfigurationReference = 18B8AF32D57ECA60196CDAC9 /* Pods-Xmazon.debug.xcconfig */;
			buildSettings = {
				ASSETCATALOG_COMPILER_APPICON_NAME = AppIcon;
				INFOPLIST_FILE = Xmazon/Info.plist;
				LD_RUNPATH_SEARCH_PATHS = "$(inherited) @executable_path/Frameworks";
				PRODUCT_BUNDLE_IDENTIFIER = "com.esgi.$(PRODUCT_NAME:rfc1034identifier)";
				PRODUCT_NAME = "$(TARGET_NAME)";
			};
			name = Debug;
		};
		2C42EB4D1C4F8A95000EF687 /* Release */ = {
			isa = XCBuildConfiguration;
			baseConfigurationReference = 44F8937CF89A2824EC1D7DE4 /* Pods-Xmazon.release.xcconfig */;
			buildSettings = {
				ASSETCATALOG_COMPILER_APPICON_NAME = AppIcon;
				INFOPLIST_FILE = Xmazon/Info.plist;
				LD_RUNPATH_SEARCH_PATHS = "$(inherited) @executable_path/Frameworks";
				PRODUCT_BUNDLE_IDENTIFIER = "com.esgi.$(PRODUCT_NAME:rfc1034identifier)";
				PRODUCT_NAME = "$(TARGET_NAME)";
			};
			name = Release;
		};
		2C42EB4F1C4F8A95000EF687 /* Debug */ = {
			isa = XCBuildConfiguration;
			buildSettings = {
				BUNDLE_LOADER = "$(TEST_HOST)";
				FRAMEWORK_SEARCH_PATHS = (
					"$(SDKROOT)/Developer/Library/Frameworks",
					"$(inherited)",
				);
				GCC_PREPROCESSOR_DEFINITIONS = (
					"DEBUG=1",
					"$(inherited)",
				);
				INFOPLIST_FILE = XmazonTests/Info.plist;
				LD_RUNPATH_SEARCH_PATHS = "$(inherited) @executable_path/Frameworks @loader_path/Frameworks";
				PRODUCT_BUNDLE_IDENTIFIER = "com.esgi.$(PRODUCT_NAME:rfc1034identifier)";
				PRODUCT_NAME = "$(TARGET_NAME)";
				TEST_HOST = "$(BUILT_PRODUCTS_DIR)/Xmazon.app/Xmazon";
			};
			name = Debug;
		};
		2C42EB501C4F8A95000EF687 /* Release */ = {
			isa = XCBuildConfiguration;
			buildSettings = {
				BUNDLE_LOADER = "$(TEST_HOST)";
				FRAMEWORK_SEARCH_PATHS = (
					"$(SDKROOT)/Developer/Library/Frameworks",
					"$(inherited)",
				);
				INFOPLIST_FILE = XmazonTests/Info.plist;
				LD_RUNPATH_SEARCH_PATHS = "$(inherited) @executable_path/Frameworks @loader_path/Frameworks";
				PRODUCT_BUNDLE_IDENTIFIER = "com.esgi.$(PRODUCT_NAME:rfc1034identifier)";
				PRODUCT_NAME = "$(TARGET_NAME)";
				TEST_HOST = "$(BUILT_PRODUCTS_DIR)/Xmazon.app/Xmazon";
			};
			name = Release;
		};
/* End XCBuildConfiguration section */

/* Begin XCConfigurationList section */
		2C42EB231C4F8A95000EF687 /* Build configuration list for PBXProject "Xmazon" */ = {
			isa = XCConfigurationList;
			buildConfigurations = (
				2C42EB491C4F8A95000EF687 /* Debug */,
				2C42EB4A1C4F8A95000EF687 /* Release */,
			);
			defaultConfigurationIsVisible = 0;
			defaultConfigurationName = Release;
		};
		2C42EB4B1C4F8A95000EF687 /* Build configuration list for PBXNativeTarget "Xmazon" */ = {
			isa = XCConfigurationList;
			buildConfigurations = (
				2C42EB4C1C4F8A95000EF687 /* Debug */,
				2C42EB4D1C4F8A95000EF687 /* Release */,
			);
			defaultConfigurationIsVisible = 0;
			defaultConfigurationName = Release;
		};
		2C42EB4E1C4F8A95000EF687 /* Build configuration list for PBXNativeTarget "XmazonTests" */ = {
			isa = XCConfigurationList;
			buildConfigurations = (
				2C42EB4F1C4F8A95000EF687 /* Debug */,
				2C42EB501C4F8A95000EF687 /* Release */,
			);
			defaultConfigurationIsVisible = 0;
			defaultConfigurationName = Release;
		};
/* End XCConfigurationList section */
	};
	rootObject = 2C42EB201C4F8A95000EF687 /* Project object */;
}
